// !$*UTF8*$!
{
	archiveVersion = 1;
	classes = {
	};
	objectVersion = 52;
	objects = {

/* Begin PBXBuildFile section */
		2B003D5E26BCD8B900BBD28C /* ScriptHandler.swift in Sources */ = {isa = PBXBuildFile; fileRef = 2B003D5D26BCD8B900BBD28C /* ScriptHandler.swift */; };
		2B003D5F26BCD8B900BBD28C /* ScriptHandler.swift in Sources */ = {isa = PBXBuildFile; fileRef = 2B003D5D26BCD8B900BBD28C /* ScriptHandler.swift */; };
		2B0F923225B9775B00677A38 /* GPUMaterials.swift in Sources */ = {isa = PBXBuildFile; fileRef = 2B0F923125B9775B00677A38 /* GPUMaterials.swift */; };
		2B0F923325B9775B00677A38 /* GPUMaterials.swift in Sources */ = {isa = PBXBuildFile; fileRef = 2B0F923125B9775B00677A38 /* GPUMaterials.swift */; };
		2B1EAD1525A6FAD500E59CFB /* Tool.swift in Sources */ = {isa = PBXBuildFile; fileRef = 2B1EAD1425A6FAD500E59CFB /* Tool.swift */; };
		2B1EAD1625A6FAD500E59CFB /* Tool.swift in Sources */ = {isa = PBXBuildFile; fileRef = 2B1EAD1425A6FAD500E59CFB /* Tool.swift */; };
		2B224D9825A40C3D006C5C2F /* ScriptProcessor.swift in Sources */ = {isa = PBXBuildFile; fileRef = 2B224D9725A40C3D006C5C2F /* ScriptProcessor.swift */; };
		2B224D9925A40C3D006C5C2F /* ScriptProcessor.swift in Sources */ = {isa = PBXBuildFile; fileRef = 2B224D9725A40C3D006C5C2F /* ScriptProcessor.swift */; };
		2B224F412584485300F32354 /* SignedApp.swift in Sources */ = {isa = PBXBuildFile; fileRef = 2B224F2D2584485100F32354 /* SignedApp.swift */; };
		2B224F422584485300F32354 /* SignedApp.swift in Sources */ = {isa = PBXBuildFile; fileRef = 2B224F2D2584485100F32354 /* SignedApp.swift */; };
		2B224F432584485300F32354 /* SignedDocument.swift in Sources */ = {isa = PBXBuildFile; fileRef = 2B224F2E2584485100F32354 /* SignedDocument.swift */; };
		2B224F442584485300F32354 /* SignedDocument.swift in Sources */ = {isa = PBXBuildFile; fileRef = 2B224F2E2584485100F32354 /* SignedDocument.swift */; };
		2B224F452584485300F32354 /* ContentView.swift in Sources */ = {isa = PBXBuildFile; fileRef = 2B224F2F2584485100F32354 /* ContentView.swift */; };
		2B224F462584485300F32354 /* ContentView.swift in Sources */ = {isa = PBXBuildFile; fileRef = 2B224F2F2584485100F32354 /* ContentView.swift */; };
		2B224F472584485300F32354 /* Assets.xcassets in Resources */ = {isa = PBXBuildFile; fileRef = 2B224F302584485300F32354 /* Assets.xcassets */; };
		2B224F482584485300F32354 /* Assets.xcassets in Resources */ = {isa = PBXBuildFile; fileRef = 2B224F302584485300F32354 /* Assets.xcassets */; };
		2B224F6D25844C1900F32354 /* Utils.swift in Sources */ = {isa = PBXBuildFile; fileRef = 2B224F6225844C1800F32354 /* Utils.swift */; };
		2B224F6E25844C1900F32354 /* Utils.swift in Sources */ = {isa = PBXBuildFile; fileRef = 2B224F6225844C1800F32354 /* Utils.swift */; };
		2B224F6F25844C1900F32354 /* Core.swift in Sources */ = {isa = PBXBuildFile; fileRef = 2B224F6325844C1800F32354 /* Core.swift */; };
		2B224F7025844C1900F32354 /* Core.swift in Sources */ = {isa = PBXBuildFile; fileRef = 2B224F6325844C1800F32354 /* Core.swift */; };
		2B224F7125844C1900F32354 /* MathLibrary.swift in Sources */ = {isa = PBXBuildFile; fileRef = 2B224F6425844C1800F32354 /* MathLibrary.swift */; };
		2B224F7225844C1900F32354 /* MathLibrary.swift in Sources */ = {isa = PBXBuildFile; fileRef = 2B224F6425844C1800F32354 /* MathLibrary.swift */; };
		2B224F7325844C1900F32354 /* Asset.swift in Sources */ = {isa = PBXBuildFile; fileRef = 2B224F6525844C1800F32354 /* Asset.swift */; };
		2B224F7425844C1900F32354 /* Asset.swift in Sources */ = {isa = PBXBuildFile; fileRef = 2B224F6525844C1800F32354 /* Asset.swift */; };
		2B224F7525844C1900F32354 /* MetalView.swift in Sources */ = {isa = PBXBuildFile; fileRef = 2B224F6625844C1800F32354 /* MetalView.swift */; };
		2B224F7625844C1900F32354 /* MetalView.swift in Sources */ = {isa = PBXBuildFile; fileRef = 2B224F6625844C1800F32354 /* MetalView.swift */; };
		2B224F7925844C1900F32354 /* DrawablesStates.swift in Sources */ = {isa = PBXBuildFile; fileRef = 2B224F6825844C1800F32354 /* DrawablesStates.swift */; };
		2B224F7A25844C1900F32354 /* DrawablesStates.swift in Sources */ = {isa = PBXBuildFile; fileRef = 2B224F6825844C1800F32354 /* DrawablesStates.swift */; };
		2B224F7B25844C1900F32354 /* File.swift in Sources */ = {isa = PBXBuildFile; fileRef = 2B224F6925844C1800F32354 /* File.swift */; };
		2B224F7C25844C1900F32354 /* File.swift in Sources */ = {isa = PBXBuildFile; fileRef = 2B224F6925844C1800F32354 /* File.swift */; };
		2B224F7F25844C1900F32354 /* CodeEditor.swift in Sources */ = {isa = PBXBuildFile; fileRef = 2B224F6B25844C1800F32354 /* CodeEditor.swift */; };
		2B224F8025844C1900F32354 /* CodeEditor.swift in Sources */ = {isa = PBXBuildFile; fileRef = 2B224F6B25844C1800F32354 /* CodeEditor.swift */; };
		2B224F8125844C1900F32354 /* Drawables.metal in Sources */ = {isa = PBXBuildFile; fileRef = 2B224F6C25844C1900F32354 /* Drawables.metal */; };
		2B224F8225844C1900F32354 /* Drawables.metal in Sources */ = {isa = PBXBuildFile; fileRef = 2B224F6C25844C1900F32354 /* Drawables.metal */; };
		2B224F8925844C3100F32354 /* Font.swift in Sources */ = {isa = PBXBuildFile; fileRef = 2B224F8625844C3000F32354 /* Font.swift */; };
		2B224F8A25844C3100F32354 /* Font.swift in Sources */ = {isa = PBXBuildFile; fileRef = 2B224F8625844C3000F32354 /* Font.swift */; };
		2B224F8B25844C3100F32354 /* Classes.swift in Sources */ = {isa = PBXBuildFile; fileRef = 2B224F8725844C3100F32354 /* Classes.swift */; };
		2B224F8C25844C3100F32354 /* Classes.swift in Sources */ = {isa = PBXBuildFile; fileRef = 2B224F8725844C3100F32354 /* Classes.swift */; };
		2B224F9A25844D0E00F32354 /* Files in Resources */ = {isa = PBXBuildFile; fileRef = 2B224F9925844D0E00F32354 /* Files */; };
		2B224F9B25844D0E00F32354 /* Files in Resources */ = {isa = PBXBuildFile; fileRef = 2B224F9925844D0E00F32354 /* Files */; };
		2B224FA025844D6000F32354 /* CloudKit.framework in Frameworks */ = {isa = PBXBuildFile; fileRef = 2B224F9F25844D6000F32354 /* CloudKit.framework */; };
		2B224FA82585EB7F00F32354 /* SignedBuilder.swift in Sources */ = {isa = PBXBuildFile; fileRef = 2B224FA72585EB7F00F32354 /* SignedBuilder.swift */; };
		2B224FA92585EB7F00F32354 /* SignedBuilder.swift in Sources */ = {isa = PBXBuildFile; fileRef = 2B224FA72585EB7F00F32354 /* SignedBuilder.swift */; };
		2B224FAF2585ED1100F32354 /* Graph.swift in Sources */ = {isa = PBXBuildFile; fileRef = 2B224FAE2585ED1100F32354 /* Graph.swift */; };
		2B224FB02585ED1100F32354 /* Graph.swift in Sources */ = {isa = PBXBuildFile; fileRef = 2B224FAE2585ED1100F32354 /* Graph.swift */; };
		2B224FB62586105200F32354 /* BranchNodes.swift in Sources */ = {isa = PBXBuildFile; fileRef = 2B224FB52586105200F32354 /* BranchNodes.swift */; };
		2B224FB72586105200F32354 /* BranchNodes.swift in Sources */ = {isa = PBXBuildFile; fileRef = 2B224FB52586105200F32354 /* BranchNodes.swift */; };
		2B224FBD258619E800F32354 /* Utilities.swift in Sources */ = {isa = PBXBuildFile; fileRef = 2B224FBC258619E800F32354 /* Utilities.swift */; };
		2B224FBE258619E800F32354 /* Utilities.swift in Sources */ = {isa = PBXBuildFile; fileRef = 2B224FBC258619E800F32354 /* Utilities.swift */; };
		2B224FC62586EA1800F32354 /* SDFNodes.swift in Sources */ = {isa = PBXBuildFile; fileRef = 2B224FC52586EA1800F32354 /* SDFNodes.swift */; };
		2B224FC72586EA1800F32354 /* SDFNodes.swift in Sources */ = {isa = PBXBuildFile; fileRef = 2B224FC52586EA1800F32354 /* SDFNodes.swift */; };
		2B224FCB2586F90C00F32354 /* BoolNodes.swift in Sources */ = {isa = PBXBuildFile; fileRef = 2B224FCA2586F90C00F32354 /* BoolNodes.swift */; };
		2B224FCC2586F90C00F32354 /* BoolNodes.swift in Sources */ = {isa = PBXBuildFile; fileRef = 2B224FCA2586F90C00F32354 /* BoolNodes.swift */; };
		2B224FEC2588A6BD00F32354 /* Nodes.swift in Sources */ = {isa = PBXBuildFile; fileRef = 2B224FEB2588A6BD00F32354 /* Nodes.swift */; };
		2B224FED2588A6BD00F32354 /* Nodes.swift in Sources */ = {isa = PBXBuildFile; fileRef = 2B224FEB2588A6BD00F32354 /* Nodes.swift */; };
		2B224FF72589B52B00F32354 /* AnalyticalNodes.swift in Sources */ = {isa = PBXBuildFile; fileRef = 2B224FF62589B52B00F32354 /* AnalyticalNodes.swift */; };
		2B224FF82589B52B00F32354 /* AnalyticalNodes.swift in Sources */ = {isa = PBXBuildFile; fileRef = 2B224FF62589B52B00F32354 /* AnalyticalNodes.swift */; };
		2B2536F026C75307000BE62B /* SignedBuildNode.swift in Sources */ = {isa = PBXBuildFile; fileRef = 2B2536EF26C75307000BE62B /* SignedBuildNode.swift */; };
		2B2536F126C75307000BE62B /* SignedBuildNode.swift in Sources */ = {isa = PBXBuildFile; fileRef = 2B2536EF26C75307000BE62B /* SignedBuildNode.swift */; };
		2B2D71C025EA2D2F00180AC3 /* ConditionalNodes.swift in Sources */ = {isa = PBXBuildFile; fileRef = 2B2D71BF25EA2D2F00180AC3 /* ConditionalNodes.swift */; };
		2B2D71C125EA2D2F00180AC3 /* ConditionalNodes.swift in Sources */ = {isa = PBXBuildFile; fileRef = 2B2D71BF25EA2D2F00180AC3 /* ConditionalNodes.swift */; };
		2B2D71C525EC7ACE00180AC3 /* OperatorNodes.swift in Sources */ = {isa = PBXBuildFile; fileRef = 2B2D71C425EC7ACE00180AC3 /* OperatorNodes.swift */; };
		2B2D71C625EC7ACE00180AC3 /* OperatorNodes.swift in Sources */ = {isa = PBXBuildFile; fileRef = 2B2D71C425EC7ACE00180AC3 /* OperatorNodes.swift */; };
		2B2E02C9258C3F600073DAE9 /* Expression.swift in Sources */ = {isa = PBXBuildFile; fileRef = 2B2E02C8258C3F600073DAE9 /* Expression.swift */; };
		2B2E02CE258C3F620073DAE9 /* Expression.swift in Sources */ = {isa = PBXBuildFile; fileRef = 2B2E02C8258C3F600073DAE9 /* Expression.swift */; };
		2B2E02D4258C52B10073DAE9 /* Variables.swift in Sources */ = {isa = PBXBuildFile; fileRef = 2B2E02D3258C52B10073DAE9 /* Variables.swift */; };
		2B2E02D5258C52B10073DAE9 /* Variables.swift in Sources */ = {isa = PBXBuildFile; fileRef = 2B2E02D3258C52B10073DAE9 /* Variables.swift */; };
		2B2E02D9258C53F40073DAE9 /* AtomNodes.swift in Sources */ = {isa = PBXBuildFile; fileRef = 2B2E02D8258C53F40073DAE9 /* AtomNodes.swift */; };
		2B2E02DA258C53F40073DAE9 /* AtomNodes.swift in Sources */ = {isa = PBXBuildFile; fileRef = 2B2E02D8258C53F40073DAE9 /* AtomNodes.swift */; };
		2B35C8DD268AE082001A601F /* SignedCameras.swift in Sources */ = {isa = PBXBuildFile; fileRef = 2B35C8DC268AE082001A601F /* SignedCameras.swift */; };
		2B35C8DE268AE082001A601F /* SignedCameras.swift in Sources */ = {isa = PBXBuildFile; fileRef = 2B35C8DC268AE082001A601F /* SignedCameras.swift */; };
		2B37E6C0268850CE000439EF /* BrowserView.swift in Sources */ = {isa = PBXBuildFile; fileRef = 2B37E6BF268850CE000439EF /* BrowserView.swift */; };
		2B37E6C1268850CE000439EF /* BrowserView.swift in Sources */ = {isa = PBXBuildFile; fileRef = 2B37E6BF268850CE000439EF /* BrowserView.swift */; };
		2B3CD1FF268A9D46007FCADF /* SideView.swift in Sources */ = {isa = PBXBuildFile; fileRef = 2B3CD1FE268A9D46007FCADF /* SideView.swift */; };
		2B3CD200268A9D46007FCADF /* SideView.swift in Sources */ = {isa = PBXBuildFile; fileRef = 2B3CD1FE268A9D46007FCADF /* SideView.swift */; };
		2B400E9D25AD3F56006493A0 /* BranchNodes2D.swift in Sources */ = {isa = PBXBuildFile; fileRef = 2B400E9C25AD3F55006493A0 /* BranchNodes2D.swift */; };
		2B400E9E25AD3F56006493A0 /* BranchNodes2D.swift in Sources */ = {isa = PBXBuildFile; fileRef = 2B400E9C25AD3F55006493A0 /* BranchNodes2D.swift */; };
		2B400EC425AD45F0006493A0 /* BaseBuilder.swift in Sources */ = {isa = PBXBuildFile; fileRef = 2B400EC325AD45F0006493A0 /* BaseBuilder.swift */; };
		2B400EC525AD45F0006493A0 /* BaseBuilder.swift in Sources */ = {isa = PBXBuildFile; fileRef = 2B400EC325AD45F0006493A0 /* BaseBuilder.swift */; };
		2B400EEC25AD953F006493A0 /* SDFNodes2D.swift in Sources */ = {isa = PBXBuildFile; fileRef = 2B400EEB25AD953F006493A0 /* SDFNodes2D.swift */; };
		2B400EED25AD953F006493A0 /* SDFNodes2D.swift in Sources */ = {isa = PBXBuildFile; fileRef = 2B400EEB25AD953F006493A0 /* SDFNodes2D.swift */; };
		2B405EF7268C44F300F37BCA /* SignedData.swift in Sources */ = {isa = PBXBuildFile; fileRef = 2B405EF6268C44F300F37BCA /* SignedData.swift */; };
		2B405EF8268C44F300F37BCA /* SignedData.swift in Sources */ = {isa = PBXBuildFile; fileRef = 2B405EF6268C44F300F37BCA /* SignedData.swift */; };
		2B407E7126894FF8004E6F4C /* Render.metal in Sources */ = {isa = PBXBuildFile; fileRef = 2B407E7026894FF8004E6F4C /* Render.metal */; };
		2B407E7226894FF8004E6F4C /* Render.metal in Sources */ = {isa = PBXBuildFile; fileRef = 2B407E7026894FF8004E6F4C /* Render.metal */; };
		2B407E752689544D004E6F4C /* RenderStates.swift in Sources */ = {isa = PBXBuildFile; fileRef = 2B407E742689544D004E6F4C /* RenderStates.swift */; };
		2B407E762689544D004E6F4C /* RenderStates.swift in Sources */ = {isa = PBXBuildFile; fileRef = 2B407E742689544D004E6F4C /* RenderStates.swift */; };
		2B407E792689602A004E6F4C /* ModelerPipeline.swift in Sources */ = {isa = PBXBuildFile; fileRef = 2B407E782689602A004E6F4C /* ModelerPipeline.swift */; };
		2B407E7A2689602A004E6F4C /* ModelerPipeline.swift in Sources */ = {isa = PBXBuildFile; fileRef = 2B407E782689602A004E6F4C /* ModelerPipeline.swift */; };
		2B407E7C268960B8004E6F4C /* Modeler.metal in Sources */ = {isa = PBXBuildFile; fileRef = 2B407E7B268960B8004E6F4C /* Modeler.metal */; };
		2B407E7D268960B8004E6F4C /* Modeler.metal in Sources */ = {isa = PBXBuildFile; fileRef = 2B407E7B268960B8004E6F4C /* Modeler.metal */; };
		2B407E7F268962E3004E6F4C /* ModelerStates.swift in Sources */ = {isa = PBXBuildFile; fileRef = 2B407E7E268962E3004E6F4C /* ModelerStates.swift */; };
		2B407E80268962E3004E6F4C /* ModelerStates.swift in Sources */ = {isa = PBXBuildFile; fileRef = 2B407E7E268962E3004E6F4C /* ModelerStates.swift */; };
		2B52C5F6268801C100CAB2F2 /* ComponentParser.swift in Sources */ = {isa = PBXBuildFile; fileRef = 2B52C5F5268801C100CAB2F2 /* ComponentParser.swift */; };
		2B52C5F7268801C100CAB2F2 /* ComponentParser.swift in Sources */ = {isa = PBXBuildFile; fileRef = 2B52C5F5268801C100CAB2F2 /* ComponentParser.swift */; };
		2B52C5F9268805A700CAB2F2 /* SignedProject.swift in Sources */ = {isa = PBXBuildFile; fileRef = 2B52C5F8268805A700CAB2F2 /* SignedProject.swift */; };
		2B52C5FA268805A700CAB2F2 /* SignedProject.swift in Sources */ = {isa = PBXBuildFile; fileRef = 2B52C5F8268805A700CAB2F2 /* SignedProject.swift */; };
		2B58F31E268FE95200DE1121 /* SignedMaterial.swift in Sources */ = {isa = PBXBuildFile; fileRef = 2B58F31D268FE95200DE1121 /* SignedMaterial.swift */; };
		2B58F31F268FE95200DE1121 /* SignedMaterial.swift in Sources */ = {isa = PBXBuildFile; fileRef = 2B58F31D268FE95200DE1121 /* SignedMaterial.swift */; };
		2B604E4726C501E70034B661 /* SignedNode.swift in Sources */ = {isa = PBXBuildFile; fileRef = 2B604E4626C501E70034B661 /* SignedNode.swift */; };
		2B604E4826C501E70034B661 /* SignedNode.swift in Sources */ = {isa = PBXBuildFile; fileRef = 2B604E4626C501E70034B661 /* SignedNode.swift */; };
		2B62AD68268D60B1000504C0 /* ShapeView.swift in Sources */ = {isa = PBXBuildFile; fileRef = 2B62AD67268D60B1000504C0 /* ShapeView.swift */; };
		2B62AD69268D60B1000504C0 /* ShapeView.swift in Sources */ = {isa = PBXBuildFile; fileRef = 2B62AD67268D60B1000504C0 /* ShapeView.swift */; };
		2B62AD6E268D6FEA000504C0 /* StackView.swift in Sources */ = {isa = PBXBuildFile; fileRef = 2B62AD6D268D6FEA000504C0 /* StackView.swift */; };
		2B62AD6F268D6FEA000504C0 /* StackView.swift in Sources */ = {isa = PBXBuildFile; fileRef = 2B62AD6D268D6FEA000504C0 /* StackView.swift */; };
		2B62AD71268D7FF4000504C0 /* DataView.swift in Sources */ = {isa = PBXBuildFile; fileRef = 2B62AD70268D7FF4000504C0 /* DataView.swift */; };
		2B62AD72268D7FF4000504C0 /* DataView.swift in Sources */ = {isa = PBXBuildFile; fileRef = 2B62AD70268D7FF4000504C0 /* DataView.swift */; };
		2B6312D925BAC308002C1FDD /* GPUMisc.swift in Sources */ = {isa = PBXBuildFile; fileRef = 2B6312D825BAC308002C1FDD /* GPUMisc.swift */; };
		2B6312DA25BAC308002C1FDD /* GPUMisc.swift in Sources */ = {isa = PBXBuildFile; fileRef = 2B6312D825BAC308002C1FDD /* GPUMisc.swift */; };
		2B651A412682C5FC002DF988 /* DataModel.xcdatamodeld in Sources */ = {isa = PBXBuildFile; fileRef = 2B651A3F2682C5FC002DF988 /* DataModel.xcdatamodeld */; };
		2B651A422682C5FC002DF988 /* DataModel.xcdatamodeld in Sources */ = {isa = PBXBuildFile; fileRef = 2B651A3F2682C5FC002DF988 /* DataModel.xcdatamodeld */; };
		2B651A442682C8BC002DF988 /* PersistenceController.swift in Sources */ = {isa = PBXBuildFile; fileRef = 2B651A432682C8BC002DF988 /* PersistenceController.swift */; };
		2B651A452682C8BC002DF988 /* PersistenceController.swift in Sources */ = {isa = PBXBuildFile; fileRef = 2B651A432682C8BC002DF988 /* PersistenceController.swift */; };
		2B6AAACF26C4AF5C00AD7D55 /* SignedParser.swift in Sources */ = {isa = PBXBuildFile; fileRef = 2B6AAACE26C4AF5C00AD7D55 /* SignedParser.swift */; };
		2B6AAAD026C4AF5C00AD7D55 /* SignedParser.swift in Sources */ = {isa = PBXBuildFile; fileRef = 2B6AAACE26C4AF5C00AD7D55 /* SignedParser.swift */; };
		2B6D5CFB259C094E003F7DD8 /* FunctionNodes.swift in Sources */ = {isa = PBXBuildFile; fileRef = 2B6D5CFA259C094E003F7DD8 /* FunctionNodes.swift */; };
		2B6D5CFC259C094E003F7DD8 /* FunctionNodes.swift in Sources */ = {isa = PBXBuildFile; fileRef = 2B6D5CFA259C094E003F7DD8 /* FunctionNodes.swift */; };
		2B6FF69625D25E470053CEF8 /* NodesWidget.swift in Sources */ = {isa = PBXBuildFile; fileRef = 2B6FF69525D25E470053CEF8 /* NodesWidget.swift */; };
		2B6FF69725D25E480053CEF8 /* NodesWidget.swift in Sources */ = {isa = PBXBuildFile; fileRef = 2B6FF69525D25E470053CEF8 /* NodesWidget.swift */; };
		2B6FF6AA25D2763C0053CEF8 /* ColorRing.swift in Sources */ = {isa = PBXBuildFile; fileRef = 2B6FF6A925D2763C0053CEF8 /* ColorRing.swift */; };
		2B6FF6AB25D2763C0053CEF8 /* ColorRing.swift in Sources */ = {isa = PBXBuildFile; fileRef = 2B6FF6A925D2763C0053CEF8 /* ColorRing.swift */; };
		2B6FF6B225D2771F0053CEF8 /* DynamicColor in Frameworks */ = {isa = PBXBuildFile; productRef = 2B6FF6B125D2771F0053CEF8 /* DynamicColor */; };
		2B6FF6B625D2772B0053CEF8 /* DynamicColor in Frameworks */ = {isa = PBXBuildFile; productRef = 2B6FF6B525D2772B0053CEF8 /* DynamicColor */; };
		2B71C50C2682CF4500DC7F17 /* LibraryView.swift in Sources */ = {isa = PBXBuildFile; fileRef = 2B71C50B2682CF4500DC7F17 /* LibraryView.swift */; };
		2B71C50D2682CF4500DC7F17 /* LibraryView.swift in Sources */ = {isa = PBXBuildFile; fileRef = 2B71C50B2682CF4500DC7F17 /* LibraryView.swift */; };
		2B76D82B25AC46F000AF6FF2 /* SignedCamera.swift in Sources */ = {isa = PBXBuildFile; fileRef = 2B76D82A25AC46F000AF6FF2 /* SignedCamera.swift */; };
		2B76D82C25AC46F000AF6FF2 /* SignedCamera.swift in Sources */ = {isa = PBXBuildFile; fileRef = 2B76D82A25AC46F000AF6FF2 /* SignedCamera.swift */; };
		2B7CFA2E2686F61D00221917 /* RenderPipeline.swift in Sources */ = {isa = PBXBuildFile; fileRef = 2B7CFA2D2686F61D00221917 /* RenderPipeline.swift */; };
		2B7CFA2F2686F61D00221917 /* RenderPipeline.swift in Sources */ = {isa = PBXBuildFile; fileRef = 2B7CFA2D2686F61D00221917 /* RenderPipeline.swift */; };
		2B7CFA312686FC0500221917 /* RenderView.swift in Sources */ = {isa = PBXBuildFile; fileRef = 2B7CFA302686FC0500221917 /* RenderView.swift */; };
		2B7CFA322686FC0500221917 /* RenderView.swift in Sources */ = {isa = PBXBuildFile; fileRef = 2B7CFA302686FC0500221917 /* RenderView.swift */; };
		2B7CFA342686FD2000221917 /* Drawables.swift in Sources */ = {isa = PBXBuildFile; fileRef = 2B7CFA332686FD2000221917 /* Drawables.swift */; };
		2B7CFA352686FD2000221917 /* Drawables.swift in Sources */ = {isa = PBXBuildFile; fileRef = 2B7CFA332686FD2000221917 /* Drawables.swift */; };
		2B7CFA37268708D000221917 /* BaseShader.swift in Sources */ = {isa = PBXBuildFile; fileRef = 2B7CFA36268708D000221917 /* BaseShader.swift */; };
		2B7CFA38268708D000221917 /* BaseShader.swift in Sources */ = {isa = PBXBuildFile; fileRef = 2B7CFA36268708D000221917 /* BaseShader.swift */; };
		2B7CFA3A26870D5400221917 /* MiscShader.swift in Sources */ = {isa = PBXBuildFile; fileRef = 2B7CFA3926870D5400221917 /* MiscShader.swift */; };
		2B7CFA3B26870D5400221917 /* MiscShader.swift in Sources */ = {isa = PBXBuildFile; fileRef = 2B7CFA3926870D5400221917 /* MiscShader.swift */; };
		2B888B5725B15E7600956C64 /* SignedLightNodes.swift in Sources */ = {isa = PBXBuildFile; fileRef = 2B888B5625B15E7600956C64 /* SignedLightNodes.swift */; };
		2B888B5825B15E7600956C64 /* SignedLightNodes.swift in Sources */ = {isa = PBXBuildFile; fileRef = 2B888B5625B15E7600956C64 /* SignedLightNodes.swift */; };
		2B888B6225B42C2B00956C64 /* BestCandidate.swift in Sources */ = {isa = PBXBuildFile; fileRef = 2B888B6125B42C2B00956C64 /* BestCandidate.swift */; };
		2B888B6325B42C2C00956C64 /* BestCandidate.swift in Sources */ = {isa = PBXBuildFile; fileRef = 2B888B6125B42C2B00956C64 /* BestCandidate.swift */; };
		2B8A692B25A4486A006B1B5C /* CameraHelper.swift in Sources */ = {isa = PBXBuildFile; fileRef = 2B8A692A25A4486A006B1B5C /* CameraHelper.swift */; };
		2B8A692C25A4486A006B1B5C /* CameraHelper.swift in Sources */ = {isa = PBXBuildFile; fileRef = 2B8A692A25A4486A006B1B5C /* CameraHelper.swift */; };
		2B8F43602686AF9D00AFDA4D /* SignedCommand.swift in Sources */ = {isa = PBXBuildFile; fileRef = 2B8F435F2686AF9C00AFDA4D /* SignedCommand.swift */; };
		2B8F43612686AF9D00AFDA4D /* SignedCommand.swift in Sources */ = {isa = PBXBuildFile; fileRef = 2B8F435F2686AF9C00AFDA4D /* SignedCommand.swift */; };
		2BB4E0AF25B7BBCA0028C76A /* GPURenderPipeline.swift in Sources */ = {isa = PBXBuildFile; fileRef = 2BB4E0AE25B7BBCA0028C76A /* GPURenderPipeline.swift */; };
		2BB4E0B025B7BBCA0028C76A /* GPURenderPipeline.swift in Sources */ = {isa = PBXBuildFile; fileRef = 2BB4E0AE25B7BBCA0028C76A /* GPURenderPipeline.swift */; };
		2BB4E0B625B80C330028C76A /* GPUBaseShader.swift in Sources */ = {isa = PBXBuildFile; fileRef = 2BB4E0B525B80C330028C76A /* GPUBaseShader.swift */; };
		2BB4E0B725B80C330028C76A /* GPUBaseShader.swift in Sources */ = {isa = PBXBuildFile; fileRef = 2BB4E0B525B80C330028C76A /* GPUBaseShader.swift */; };
		2BB4E0BB25B811360028C76A /* GPUCamera.swift in Sources */ = {isa = PBXBuildFile; fileRef = 2BB4E0BA25B811360028C76A /* GPUCamera.swift */; };
		2BB4E0BC25B811360028C76A /* GPUCamera.swift in Sources */ = {isa = PBXBuildFile; fileRef = 2BB4E0BA25B811360028C76A /* GPUCamera.swift */; };
		2BB4E0C225B90DAD0028C76A /* GPUSDF.swift in Sources */ = {isa = PBXBuildFile; fileRef = 2BB4E0C125B90DAD0028C76A /* GPUSDF.swift */; };
		2BB4E0C325B90DAD0028C76A /* GPUSDF.swift in Sources */ = {isa = PBXBuildFile; fileRef = 2BB4E0C125B90DAD0028C76A /* GPUSDF.swift */; };
		2BB4E0C725B929DC0028C76A /* GPUAnalytical.swift in Sources */ = {isa = PBXBuildFile; fileRef = 2BB4E0C625B929DC0028C76A /* GPUAnalytical.swift */; };
		2BB4E0C825B929DC0028C76A /* GPUAnalytical.swift in Sources */ = {isa = PBXBuildFile; fileRef = 2BB4E0C625B929DC0028C76A /* GPUAnalytical.swift */; };
		2BC042ED267ED31000DD85E2 /* ProjectView.swift in Sources */ = {isa = PBXBuildFile; fileRef = 2BC042EC267ED31000DD85E2 /* ProjectView.swift */; };
		2BC042EE267ED31000DD85E2 /* ProjectView.swift in Sources */ = {isa = PBXBuildFile; fileRef = 2BC042EC267ED31000DD85E2 /* ProjectView.swift */; };
		2BC042F0267ED39200DD85E2 /* SettingsView.swift in Sources */ = {isa = PBXBuildFile; fileRef = 2BC042EF267ED39200DD85E2 /* SettingsView.swift */; };
		2BC042F1267ED39200DD85E2 /* SettingsView.swift in Sources */ = {isa = PBXBuildFile; fileRef = 2BC042EF267ED39200DD85E2 /* SettingsView.swift */; };
		2BC042F3267ED3FB00DD85E2 /* ParameterView.swift in Sources */ = {isa = PBXBuildFile; fileRef = 2BC042F2267ED3FB00DD85E2 /* ParameterView.swift */; };
		2BC042F4267ED3FB00DD85E2 /* ParameterView.swift in Sources */ = {isa = PBXBuildFile; fileRef = 2BC042F2267ED3FB00DD85E2 /* ParameterView.swift */; };
		2BC042F6267ED4A500DD85E2 /* EditorView.swift in Sources */ = {isa = PBXBuildFile; fileRef = 2BC042F5267ED4A500DD85E2 /* EditorView.swift */; };
		2BC042F7267ED4A500DD85E2 /* EditorView.swift in Sources */ = {isa = PBXBuildFile; fileRef = 2BC042F5267ED4A500DD85E2 /* EditorView.swift */; };
		2BC042F9267ED54500DD85E2 /* ToolViews.swift in Sources */ = {isa = PBXBuildFile; fileRef = 2BC042F8267ED54500DD85E2 /* ToolViews.swift */; };
		2BC042FA267ED54500DD85E2 /* ToolViews.swift in Sources */ = {isa = PBXBuildFile; fileRef = 2BC042F8267ED54500DD85E2 /* ToolViews.swift */; };
		2BC6FB39259EAF0E007CEC7A /* StoreManager.swift in Sources */ = {isa = PBXBuildFile; fileRef = 2BC6FB38259EAF0E007CEC7A /* StoreManager.swift */; };
		2BC6FB3A259EAF0E007CEC7A /* StoreManager.swift in Sources */ = {isa = PBXBuildFile; fileRef = 2BC6FB38259EAF0E007CEC7A /* StoreManager.swift */; };
		2BC6FB40259EAF87007CEC7A /* StoreKit.framework in Frameworks */ = {isa = PBXBuildFile; fileRef = 2BC6FB3F259EAF87007CEC7A /* StoreKit.framework */; };
		2BC838F526919A070087249A /* MaterialView.swift in Sources */ = {isa = PBXBuildFile; fileRef = 2BC838F426919A070087249A /* MaterialView.swift */; };
		2BC838F626919A070087249A /* MaterialView.swift in Sources */ = {isa = PBXBuildFile; fileRef = 2BC838F426919A070087249A /* MaterialView.swift */; };
		2BC9944E2685A5AC00F75A54 /* Model.swift in Sources */ = {isa = PBXBuildFile; fileRef = 2BC9944D2685A5AC00F75A54 /* Model.swift */; };
		2BC9944F2685A5AC00F75A54 /* Model.swift in Sources */ = {isa = PBXBuildFile; fileRef = 2BC9944D2685A5AC00F75A54 /* Model.swift */; };
		2BC994512685AB5400F75A54 /* SignedObject.swift in Sources */ = {isa = PBXBuildFile; fileRef = 2BC994502685AB5400F75A54 /* SignedObject.swift */; };
		2BC994522685AB5400F75A54 /* SignedObject.swift in Sources */ = {isa = PBXBuildFile; fileRef = 2BC994502685AB5400F75A54 /* SignedObject.swift */; };
		2BCBE4DD26C52EF1008FB150 /* SignedBuildingNode.swift in Sources */ = {isa = PBXBuildFile; fileRef = 2BCBE4DC26C52EF1008FB150 /* SignedBuildingNode.swift */; };
		2BCBE4DE26C52EF1008FB150 /* SignedBuildingNode.swift in Sources */ = {isa = PBXBuildFile; fileRef = 2BCBE4DC26C52EF1008FB150 /* SignedBuildingNode.swift */; };
		2BCBE4E026C5349C008FB150 /* SignedObjectNode.swift in Sources */ = {isa = PBXBuildFile; fileRef = 2BCBE4DF26C5349C008FB150 /* SignedObjectNode.swift */; };
		2BCBE4E126C5349C008FB150 /* SignedObjectNode.swift in Sources */ = {isa = PBXBuildFile; fileRef = 2BCBE4DF26C5349C008FB150 /* SignedObjectNode.swift */; };
		2BCBE4E326C534E1008FB150 /* SignedWallNode.swift in Sources */ = {isa = PBXBuildFile; fileRef = 2BCBE4E226C534E1008FB150 /* SignedWallNode.swift */; };
		2BCBE4E426C534E1008FB150 /* SignedWallNode.swift in Sources */ = {isa = PBXBuildFile; fileRef = 2BCBE4E226C534E1008FB150 /* SignedWallNode.swift */; };
		2BCBE4E626C5351E008FB150 /* SignedMaterialNode.swift in Sources */ = {isa = PBXBuildFile; fileRef = 2BCBE4E526C5351E008FB150 /* SignedMaterialNode.swift */; };
		2BCBE4E726C5351E008FB150 /* SignedMaterialNode.swift in Sources */ = {isa = PBXBuildFile; fileRef = 2BCBE4E526C5351E008FB150 /* SignedMaterialNode.swift */; };
		2BCF02B426BF6A30007E3F0A /* SignedJSShape.swift in Sources */ = {isa = PBXBuildFile; fileRef = 2BCF02B326BF6A30007E3F0A /* SignedJSShape.swift */; };
		2BCF02B526BF6A30007E3F0A /* SignedJSShape.swift in Sources */ = {isa = PBXBuildFile; fileRef = 2BCF02B326BF6A30007E3F0A /* SignedJSShape.swift */; };
		2BCF02B726BF6AF0007E3F0A /* SignedJSBase.swift in Sources */ = {isa = PBXBuildFile; fileRef = 2BCF02B626BF6AF0007E3F0A /* SignedJSBase.swift */; };
		2BCF02B826BF6AF0007E3F0A /* SignedJSBase.swift in Sources */ = {isa = PBXBuildFile; fileRef = 2BCF02B626BF6AF0007E3F0A /* SignedJSBase.swift */; };
		2BF3FBC325EDCD31002E7161 /* EnvironmentNodes.swift in Sources */ = {isa = PBXBuildFile; fileRef = 2BF3FBC225EDCD31002E7161 /* EnvironmentNodes.swift */; };
		2BF3FBC425EDCD31002E7161 /* EnvironmentNodes.swift in Sources */ = {isa = PBXBuildFile; fileRef = 2BF3FBC225EDCD31002E7161 /* EnvironmentNodes.swift */; };
/* End PBXBuildFile section */

/* Begin PBXFileReference section */
		2B003D5D26BCD8B900BBD28C /* ScriptHandler.swift */ = {isa = PBXFileReference; lastKnownFileType = sourcecode.swift; path = ScriptHandler.swift; sourceTree = "<group>"; };
		2B0F923125B9775B00677A38 /* GPUMaterials.swift */ = {isa = PBXFileReference; lastKnownFileType = sourcecode.swift; path = GPUMaterials.swift; sourceTree = "<group>"; };
		2B1EAD1425A6FAD500E59CFB /* Tool.swift */ = {isa = PBXFileReference; lastKnownFileType = sourcecode.swift; path = Tool.swift; sourceTree = "<group>"; };
		2B224D9725A40C3D006C5C2F /* ScriptProcessor.swift */ = {isa = PBXFileReference; lastKnownFileType = sourcecode.swift; path = ScriptProcessor.swift; sourceTree = "<group>"; };
		2B224F2D2584485100F32354 /* SignedApp.swift */ = {isa = PBXFileReference; lastKnownFileType = sourcecode.swift; path = SignedApp.swift; sourceTree = "<group>"; };
		2B224F2E2584485100F32354 /* SignedDocument.swift */ = {isa = PBXFileReference; lastKnownFileType = sourcecode.swift; path = SignedDocument.swift; sourceTree = "<group>"; };
		2B224F2F2584485100F32354 /* ContentView.swift */ = {isa = PBXFileReference; lastKnownFileType = sourcecode.swift; path = ContentView.swift; sourceTree = "<group>"; };
		2B224F302584485300F32354 /* Assets.xcassets */ = {isa = PBXFileReference; lastKnownFileType = folder.assetcatalog; path = Assets.xcassets; sourceTree = "<group>"; };
		2B224F352584485300F32354 /* Signed.app */ = {isa = PBXFileReference; explicitFileType = wrapper.application; includeInIndex = 0; path = Signed.app; sourceTree = BUILT_PRODUCTS_DIR; };
		2B224F382584485300F32354 /* Info.plist */ = {isa = PBXFileReference; lastKnownFileType = text.plist.xml; path = Info.plist; sourceTree = "<group>"; };
		2B224F3D2584485300F32354 /* Signed.app */ = {isa = PBXFileReference; explicitFileType = wrapper.application; includeInIndex = 0; path = Signed.app; sourceTree = BUILT_PRODUCTS_DIR; };
		2B224F3F2584485300F32354 /* Info.plist */ = {isa = PBXFileReference; lastKnownFileType = text.plist.xml; path = Info.plist; sourceTree = "<group>"; };
		2B224F402584485300F32354 /* macOS.entitlements */ = {isa = PBXFileReference; lastKnownFileType = text.plist.entitlements; path = macOS.entitlements; sourceTree = "<group>"; };
		2B224F6125844C1800F32354 /* Metal.h */ = {isa = PBXFileReference; fileEncoding = 4; lastKnownFileType = sourcecode.c.h; path = Metal.h; sourceTree = "<group>"; };
		2B224F6225844C1800F32354 /* Utils.swift */ = {isa = PBXFileReference; fileEncoding = 4; lastKnownFileType = sourcecode.swift; path = Utils.swift; sourceTree = "<group>"; };
		2B224F6325844C1800F32354 /* Core.swift */ = {isa = PBXFileReference; fileEncoding = 4; lastKnownFileType = sourcecode.swift; path = Core.swift; sourceTree = "<group>"; };
		2B224F6425844C1800F32354 /* MathLibrary.swift */ = {isa = PBXFileReference; fileEncoding = 4; lastKnownFileType = sourcecode.swift; path = MathLibrary.swift; sourceTree = "<group>"; };
		2B224F6525844C1800F32354 /* Asset.swift */ = {isa = PBXFileReference; fileEncoding = 4; lastKnownFileType = sourcecode.swift; path = Asset.swift; sourceTree = "<group>"; };
		2B224F6625844C1800F32354 /* MetalView.swift */ = {isa = PBXFileReference; fileEncoding = 4; lastKnownFileType = sourcecode.swift; path = MetalView.swift; sourceTree = "<group>"; };
		2B224F6825844C1800F32354 /* DrawablesStates.swift */ = {isa = PBXFileReference; fileEncoding = 4; lastKnownFileType = sourcecode.swift; path = DrawablesStates.swift; sourceTree = "<group>"; };
		2B224F6925844C1800F32354 /* File.swift */ = {isa = PBXFileReference; fileEncoding = 4; lastKnownFileType = sourcecode.swift; path = File.swift; sourceTree = "<group>"; };
		2B224F6B25844C1800F32354 /* CodeEditor.swift */ = {isa = PBXFileReference; fileEncoding = 4; lastKnownFileType = sourcecode.swift; path = CodeEditor.swift; sourceTree = "<group>"; };
		2B224F6C25844C1900F32354 /* Drawables.metal */ = {isa = PBXFileReference; fileEncoding = 4; lastKnownFileType = sourcecode.metal; path = Drawables.metal; sourceTree = "<group>"; };
		2B224F8625844C3000F32354 /* Font.swift */ = {isa = PBXFileReference; fileEncoding = 4; lastKnownFileType = sourcecode.swift; path = Font.swift; sourceTree = "<group>"; };
		2B224F8725844C3100F32354 /* Classes.swift */ = {isa = PBXFileReference; fileEncoding = 4; lastKnownFileType = sourcecode.swift; path = Classes.swift; sourceTree = "<group>"; };
		2B224F9925844D0E00F32354 /* Files */ = {isa = PBXFileReference; lastKnownFileType = folder; path = Files; sourceTree = "<group>"; };
		2B224F9F25844D6000F32354 /* CloudKit.framework */ = {isa = PBXFileReference; lastKnownFileType = wrapper.framework; name = CloudKit.framework; path = System/Library/Frameworks/CloudKit.framework; sourceTree = SDKROOT; };
		2B224FA72585EB7F00F32354 /* SignedBuilder.swift */ = {isa = PBXFileReference; lastKnownFileType = sourcecode.swift; path = SignedBuilder.swift; sourceTree = "<group>"; };
		2B224FAE2585ED1100F32354 /* Graph.swift */ = {isa = PBXFileReference; lastKnownFileType = sourcecode.swift; path = Graph.swift; sourceTree = "<group>"; };
		2B224FB52586105200F32354 /* BranchNodes.swift */ = {isa = PBXFileReference; lastKnownFileType = sourcecode.swift; path = BranchNodes.swift; sourceTree = "<group>"; };
		2B224FBC258619E800F32354 /* Utilities.swift */ = {isa = PBXFileReference; fileEncoding = 4; lastKnownFileType = sourcecode.swift; path = Utilities.swift; sourceTree = "<group>"; };
		2B224FC52586EA1800F32354 /* SDFNodes.swift */ = {isa = PBXFileReference; lastKnownFileType = sourcecode.swift; path = SDFNodes.swift; sourceTree = "<group>"; };
		2B224FCA2586F90C00F32354 /* BoolNodes.swift */ = {isa = PBXFileReference; lastKnownFileType = sourcecode.swift; path = BoolNodes.swift; sourceTree = "<group>"; };
		2B224FEB2588A6BD00F32354 /* Nodes.swift */ = {isa = PBXFileReference; lastKnownFileType = sourcecode.swift; path = Nodes.swift; sourceTree = "<group>"; };
		2B224FF62589B52B00F32354 /* AnalyticalNodes.swift */ = {isa = PBXFileReference; lastKnownFileType = sourcecode.swift; path = AnalyticalNodes.swift; sourceTree = "<group>"; };
		2B2536EF26C75307000BE62B /* SignedBuildNode.swift */ = {isa = PBXFileReference; lastKnownFileType = sourcecode.swift; path = SignedBuildNode.swift; sourceTree = "<group>"; };
		2B2D71BF25EA2D2F00180AC3 /* ConditionalNodes.swift */ = {isa = PBXFileReference; lastKnownFileType = sourcecode.swift; path = ConditionalNodes.swift; sourceTree = "<group>"; };
		2B2D71C425EC7ACE00180AC3 /* OperatorNodes.swift */ = {isa = PBXFileReference; lastKnownFileType = sourcecode.swift; path = OperatorNodes.swift; sourceTree = "<group>"; };
		2B2E02C8258C3F600073DAE9 /* Expression.swift */ = {isa = PBXFileReference; lastKnownFileType = sourcecode.swift; path = Expression.swift; sourceTree = "<group>"; };
		2B2E02D3258C52B10073DAE9 /* Variables.swift */ = {isa = PBXFileReference; lastKnownFileType = sourcecode.swift; path = Variables.swift; sourceTree = "<group>"; };
		2B2E02D8258C53F40073DAE9 /* AtomNodes.swift */ = {isa = PBXFileReference; lastKnownFileType = sourcecode.swift; path = AtomNodes.swift; sourceTree = "<group>"; };
		2B35C8DC268AE082001A601F /* SignedCameras.swift */ = {isa = PBXFileReference; lastKnownFileType = sourcecode.swift; path = SignedCameras.swift; sourceTree = "<group>"; };
		2B37E6BF268850CE000439EF /* BrowserView.swift */ = {isa = PBXFileReference; lastKnownFileType = sourcecode.swift; path = BrowserView.swift; sourceTree = "<group>"; };
		2B3CD1FE268A9D46007FCADF /* SideView.swift */ = {isa = PBXFileReference; lastKnownFileType = sourcecode.swift; path = SideView.swift; sourceTree = "<group>"; };
		2B400E9C25AD3F55006493A0 /* BranchNodes2D.swift */ = {isa = PBXFileReference; lastKnownFileType = sourcecode.swift; path = BranchNodes2D.swift; sourceTree = "<group>"; };
		2B400EC325AD45F0006493A0 /* BaseBuilder.swift */ = {isa = PBXFileReference; fileEncoding = 4; lastKnownFileType = sourcecode.swift; path = BaseBuilder.swift; sourceTree = "<group>"; };
		2B400EEB25AD953F006493A0 /* SDFNodes2D.swift */ = {isa = PBXFileReference; fileEncoding = 4; lastKnownFileType = sourcecode.swift; path = SDFNodes2D.swift; sourceTree = "<group>"; };
		2B405EF6268C44F300F37BCA /* SignedData.swift */ = {isa = PBXFileReference; lastKnownFileType = sourcecode.swift; path = SignedData.swift; sourceTree = "<group>"; };
		2B407E7026894FF8004E6F4C /* Render.metal */ = {isa = PBXFileReference; lastKnownFileType = sourcecode.metal; path = Render.metal; sourceTree = "<group>"; };
		2B407E742689544D004E6F4C /* RenderStates.swift */ = {isa = PBXFileReference; lastKnownFileType = sourcecode.swift; path = RenderStates.swift; sourceTree = "<group>"; };
		2B407E782689602A004E6F4C /* ModelerPipeline.swift */ = {isa = PBXFileReference; lastKnownFileType = sourcecode.swift; path = ModelerPipeline.swift; sourceTree = "<group>"; };
		2B407E7B268960B8004E6F4C /* Modeler.metal */ = {isa = PBXFileReference; lastKnownFileType = sourcecode.metal; path = Modeler.metal; sourceTree = "<group>"; };
		2B407E7E268962E3004E6F4C /* ModelerStates.swift */ = {isa = PBXFileReference; lastKnownFileType = sourcecode.swift; path = ModelerStates.swift; sourceTree = "<group>"; };
		2B52C5F5268801C100CAB2F2 /* ComponentParser.swift */ = {isa = PBXFileReference; lastKnownFileType = sourcecode.swift; path = ComponentParser.swift; sourceTree = "<group>"; };
		2B52C5F8268805A700CAB2F2 /* SignedProject.swift */ = {isa = PBXFileReference; lastKnownFileType = sourcecode.swift; path = SignedProject.swift; sourceTree = "<group>"; };
		2B58F31D268FE95200DE1121 /* SignedMaterial.swift */ = {isa = PBXFileReference; lastKnownFileType = sourcecode.swift; path = SignedMaterial.swift; sourceTree = "<group>"; };
		2B604E4626C501E70034B661 /* SignedNode.swift */ = {isa = PBXFileReference; lastKnownFileType = sourcecode.swift; path = SignedNode.swift; sourceTree = "<group>"; };
		2B62AD67268D60B1000504C0 /* ShapeView.swift */ = {isa = PBXFileReference; lastKnownFileType = sourcecode.swift; path = ShapeView.swift; sourceTree = "<group>"; };
		2B62AD6D268D6FEA000504C0 /* StackView.swift */ = {isa = PBXFileReference; lastKnownFileType = sourcecode.swift; path = StackView.swift; sourceTree = "<group>"; };
		2B62AD70268D7FF4000504C0 /* DataView.swift */ = {isa = PBXFileReference; lastKnownFileType = sourcecode.swift; path = DataView.swift; sourceTree = "<group>"; };
		2B6312D825BAC308002C1FDD /* GPUMisc.swift */ = {isa = PBXFileReference; lastKnownFileType = sourcecode.swift; path = GPUMisc.swift; sourceTree = "<group>"; };
		2B651A402682C5FC002DF988 /* DataModel.xcdatamodel */ = {isa = PBXFileReference; lastKnownFileType = wrapper.xcdatamodel; path = DataModel.xcdatamodel; sourceTree = "<group>"; };
		2B651A432682C8BC002DF988 /* PersistenceController.swift */ = {isa = PBXFileReference; lastKnownFileType = sourcecode.swift; path = PersistenceController.swift; sourceTree = "<group>"; };
		2B6AAACE26C4AF5C00AD7D55 /* SignedParser.swift */ = {isa = PBXFileReference; lastKnownFileType = sourcecode.swift; path = SignedParser.swift; sourceTree = "<group>"; };
		2B6D5CFA259C094E003F7DD8 /* FunctionNodes.swift */ = {isa = PBXFileReference; lastKnownFileType = sourcecode.swift; path = FunctionNodes.swift; sourceTree = "<group>"; };
		2B6FF69525D25E470053CEF8 /* NodesWidget.swift */ = {isa = PBXFileReference; lastKnownFileType = sourcecode.swift; path = NodesWidget.swift; sourceTree = "<group>"; };
		2B6FF6A925D2763C0053CEF8 /* ColorRing.swift */ = {isa = PBXFileReference; lastKnownFileType = sourcecode.swift; path = ColorRing.swift; sourceTree = "<group>"; };
		2B71C50B2682CF4500DC7F17 /* LibraryView.swift */ = {isa = PBXFileReference; lastKnownFileType = sourcecode.swift; path = LibraryView.swift; sourceTree = "<group>"; };
		2B76D82A25AC46F000AF6FF2 /* SignedCamera.swift */ = {isa = PBXFileReference; lastKnownFileType = sourcecode.swift; path = SignedCamera.swift; sourceTree = "<group>"; };
		2B7CFA2D2686F61D00221917 /* RenderPipeline.swift */ = {isa = PBXFileReference; lastKnownFileType = sourcecode.swift; path = RenderPipeline.swift; sourceTree = "<group>"; };
		2B7CFA302686FC0500221917 /* RenderView.swift */ = {isa = PBXFileReference; lastKnownFileType = sourcecode.swift; path = RenderView.swift; sourceTree = "<group>"; };
		2B7CFA332686FD2000221917 /* Drawables.swift */ = {isa = PBXFileReference; lastKnownFileType = sourcecode.swift; path = Drawables.swift; sourceTree = "<group>"; };
		2B7CFA36268708D000221917 /* BaseShader.swift */ = {isa = PBXFileReference; lastKnownFileType = sourcecode.swift; path = BaseShader.swift; sourceTree = "<group>"; };
		2B7CFA3926870D5400221917 /* MiscShader.swift */ = {isa = PBXFileReference; lastKnownFileType = sourcecode.swift; path = MiscShader.swift; sourceTree = "<group>"; };
		2B821A7A25BD0B9100FBFEFF /* SignedSky.swift */ = {isa = PBXFileReference; lastKnownFileType = sourcecode.swift; path = SignedSky.swift; sourceTree = "<group>"; };
		2B888B5625B15E7600956C64 /* SignedLightNodes.swift */ = {isa = PBXFileReference; lastKnownFileType = sourcecode.swift; path = SignedLightNodes.swift; sourceTree = "<group>"; };
		2B888B6125B42C2B00956C64 /* BestCandidate.swift */ = {isa = PBXFileReference; lastKnownFileType = sourcecode.swift; path = BestCandidate.swift; sourceTree = "<group>"; };
		2B8A692A25A4486A006B1B5C /* CameraHelper.swift */ = {isa = PBXFileReference; lastKnownFileType = sourcecode.swift; path = CameraHelper.swift; sourceTree = "<group>"; };
		2B8F435F2686AF9C00AFDA4D /* SignedCommand.swift */ = {isa = PBXFileReference; lastKnownFileType = sourcecode.swift; path = SignedCommand.swift; sourceTree = "<group>"; };
		2BB4E0AE25B7BBCA0028C76A /* GPURenderPipeline.swift */ = {isa = PBXFileReference; lastKnownFileType = sourcecode.swift; path = GPURenderPipeline.swift; sourceTree = "<group>"; };
		2BB4E0B525B80C330028C76A /* GPUBaseShader.swift */ = {isa = PBXFileReference; lastKnownFileType = sourcecode.swift; path = GPUBaseShader.swift; sourceTree = "<group>"; };
		2BB4E0BA25B811360028C76A /* GPUCamera.swift */ = {isa = PBXFileReference; lastKnownFileType = sourcecode.swift; path = GPUCamera.swift; sourceTree = "<group>"; };
		2BB4E0C125B90DAD0028C76A /* GPUSDF.swift */ = {isa = PBXFileReference; lastKnownFileType = sourcecode.swift; path = GPUSDF.swift; sourceTree = "<group>"; };
		2BB4E0C625B929DC0028C76A /* GPUAnalytical.swift */ = {isa = PBXFileReference; lastKnownFileType = sourcecode.swift; path = GPUAnalytical.swift; sourceTree = "<group>"; };
		2BC042EC267ED31000DD85E2 /* ProjectView.swift */ = {isa = PBXFileReference; lastKnownFileType = sourcecode.swift; path = ProjectView.swift; sourceTree = "<group>"; };
		2BC042EF267ED39200DD85E2 /* SettingsView.swift */ = {isa = PBXFileReference; lastKnownFileType = sourcecode.swift; path = SettingsView.swift; sourceTree = "<group>"; };
		2BC042F2267ED3FB00DD85E2 /* ParameterView.swift */ = {isa = PBXFileReference; lastKnownFileType = sourcecode.swift; path = ParameterView.swift; sourceTree = "<group>"; };
		2BC042F5267ED4A500DD85E2 /* EditorView.swift */ = {isa = PBXFileReference; lastKnownFileType = sourcecode.swift; path = EditorView.swift; sourceTree = "<group>"; };
		2BC042F8267ED54500DD85E2 /* ToolViews.swift */ = {isa = PBXFileReference; lastKnownFileType = sourcecode.swift; path = ToolViews.swift; sourceTree = "<group>"; };
		2BC6FB38259EAF0E007CEC7A /* StoreManager.swift */ = {isa = PBXFileReference; lastKnownFileType = sourcecode.swift; path = StoreManager.swift; sourceTree = "<group>"; };
		2BC6FB3F259EAF87007CEC7A /* StoreKit.framework */ = {isa = PBXFileReference; lastKnownFileType = wrapper.framework; name = StoreKit.framework; path = System/Library/Frameworks/StoreKit.framework; sourceTree = SDKROOT; };
		2BC838F426919A070087249A /* MaterialView.swift */ = {isa = PBXFileReference; lastKnownFileType = sourcecode.swift; path = MaterialView.swift; sourceTree = "<group>"; };
		2BC9944D2685A5AC00F75A54 /* Model.swift */ = {isa = PBXFileReference; lastKnownFileType = sourcecode.swift; path = Model.swift; sourceTree = "<group>"; };
		2BC994502685AB5400F75A54 /* SignedObject.swift */ = {isa = PBXFileReference; lastKnownFileType = sourcecode.swift; path = SignedObject.swift; sourceTree = "<group>"; };
		2BCBE4DC26C52EF1008FB150 /* SignedBuildingNode.swift */ = {isa = PBXFileReference; lastKnownFileType = sourcecode.swift; path = SignedBuildingNode.swift; sourceTree = "<group>"; };
		2BCBE4DF26C5349C008FB150 /* SignedObjectNode.swift */ = {isa = PBXFileReference; lastKnownFileType = sourcecode.swift; path = SignedObjectNode.swift; sourceTree = "<group>"; };
		2BCBE4E226C534E1008FB150 /* SignedWallNode.swift */ = {isa = PBXFileReference; lastKnownFileType = sourcecode.swift; path = SignedWallNode.swift; sourceTree = "<group>"; };
		2BCBE4E526C5351E008FB150 /* SignedMaterialNode.swift */ = {isa = PBXFileReference; lastKnownFileType = sourcecode.swift; path = SignedMaterialNode.swift; sourceTree = "<group>"; };
		2BCF02B326BF6A30007E3F0A /* SignedJSShape.swift */ = {isa = PBXFileReference; lastKnownFileType = sourcecode.swift; path = SignedJSShape.swift; sourceTree = "<group>"; };
		2BCF02B626BF6AF0007E3F0A /* SignedJSBase.swift */ = {isa = PBXFileReference; lastKnownFileType = sourcecode.swift; path = SignedJSBase.swift; sourceTree = "<group>"; };
		2BF3FBC225EDCD31002E7161 /* EnvironmentNodes.swift */ = {isa = PBXFileReference; lastKnownFileType = sourcecode.swift; path = EnvironmentNodes.swift; sourceTree = "<group>"; };
/* End PBXFileReference section */

/* Begin PBXFrameworksBuildPhase section */
		2B224F322584485300F32354 /* Frameworks */ = {
			isa = PBXFrameworksBuildPhase;
			buildActionMask = 2147483647;
			files = (
				2B6FF6B225D2771F0053CEF8 /* DynamicColor in Frameworks */,
			);
			runOnlyForDeploymentPostprocessing = 0;
		};
		2B224F3A2584485300F32354 /* Frameworks */ = {
			isa = PBXFrameworksBuildPhase;
			buildActionMask = 2147483647;
			files = (
				2B6FF6B625D2772B0053CEF8 /* DynamicColor in Frameworks */,
				2BC6FB40259EAF87007CEC7A /* StoreKit.framework in Frameworks */,
				2B224FA025844D6000F32354 /* CloudKit.framework in Frameworks */,
			);
			runOnlyForDeploymentPostprocessing = 0;
		};
/* End PBXFrameworksBuildPhase section */

/* Begin PBXGroup section */
		2B003D5C26BCCBE900BBD28C /* JavaScript */ = {
			isa = PBXGroup;
			children = (
				2B003D5D26BCD8B900BBD28C /* ScriptHandler.swift */,
				2BCF02B626BF6AF0007E3F0A /* SignedJSBase.swift */,
				2BCF02B326BF6A30007E3F0A /* SignedJSShape.swift */,
			);
			path = JavaScript;
			sourceTree = "<group>";
		};
		2B224F272584485100F32354 = {
			isa = PBXGroup;
			children = (
				2B224F2C2584485100F32354 /* Shared */,
				2B224F372584485300F32354 /* iOS */,
				2B224F3E2584485300F32354 /* macOS */,
				2B224F362584485300F32354 /* Products */,
				2B224F9E25844D6000F32354 /* Frameworks */,
			);
			sourceTree = "<group>";
		};
		2B224F2C2584485100F32354 /* Shared */ = {
			isa = PBXGroup;
			children = (
				2B224F2D2584485100F32354 /* SignedApp.swift */,
				2B224F2E2584485100F32354 /* SignedDocument.swift */,
				2B224F2F2584485100F32354 /* ContentView.swift */,
				2BC9944C2685A59500F75A54 /* Model */,
				2BC042EB267ED2D700DD85E2 /* Views */,
				2B7CFA2C2686F5F800221917 /* RenderPipeline */,
				2B407E7726895F51004E6F4C /* ModelerPipeline */,
				2B407E6F26894E52004E6F4C /* Drawables */,
				2B003D5C26BCCBE900BBD28C /* JavaScript */,
				2B6AAACD26C4AF3700AD7D55 /* Parser */,
				2B224F6125844C1800F32354 /* Metal.h */,
				2BC6FB38259EAF0E007CEC7A /* StoreManager.swift */,
				2B224F6525844C1800F32354 /* Asset.swift */,
				2B224F6925844C1800F32354 /* File.swift */,
				2B224F6325844C1800F32354 /* Core.swift */,
				2B6FF69525D25E470053CEF8 /* NodesWidget.swift */,
				2B224F6425844C1800F32354 /* MathLibrary.swift */,
				2B224F6625844C1800F32354 /* MetalView.swift */,
				2B224D9725A40C3D006C5C2F /* ScriptProcessor.swift */,
				2B224F6225844C1800F32354 /* Utils.swift */,
				2B8A692A25A4486A006B1B5C /* CameraHelper.swift */,
				2BE97DC025AC2A7200729833 /* Graph */,
				2B2E02C7258C3F390073DAE9 /* Expression */,
				2BB4E0AB25B7AAFF0028C76A /* GPURenderPipeline */,
				2B224F8525844C2500F32354 /* Classes */,
				2B224F9925844D0E00F32354 /* Files */,
				2B224F302584485300F32354 /* Assets.xcassets */,
				2B651A432682C8BC002DF988 /* PersistenceController.swift */,
				2B651A3F2682C5FC002DF988 /* DataModel.xcdatamodeld */,
			);
			path = Shared;
			sourceTree = "<group>";
		};
		2B224F362584485300F32354 /* Products */ = {
			isa = PBXGroup;
			children = (
				2B224F352584485300F32354 /* Signed.app */,
				2B224F3D2584485300F32354 /* Signed.app */,
			);
			name = Products;
			sourceTree = "<group>";
		};
		2B224F372584485300F32354 /* iOS */ = {
			isa = PBXGroup;
			children = (
				2B224F382584485300F32354 /* Info.plist */,
			);
			path = iOS;
			sourceTree = "<group>";
		};
		2B224F3E2584485300F32354 /* macOS */ = {
			isa = PBXGroup;
			children = (
				2B224F3F2584485300F32354 /* Info.plist */,
				2B224F402584485300F32354 /* macOS.entitlements */,
			);
			path = macOS;
			sourceTree = "<group>";
		};
		2B224F8525844C2500F32354 /* Classes */ = {
			isa = PBXGroup;
			children = (
				2B224F8725844C3100F32354 /* Classes.swift */,
				2B224F8625844C3000F32354 /* Font.swift */,
				2B6FF6A925D2763C0053CEF8 /* ColorRing.swift */,
			);
			path = Classes;
			sourceTree = "<group>";
		};
		2B224F9E25844D6000F32354 /* Frameworks */ = {
			isa = PBXGroup;
			children = (
				2BC6FB3F259EAF87007CEC7A /* StoreKit.framework */,
				2B224F9F25844D6000F32354 /* CloudKit.framework */,
			);
			name = Frameworks;
			sourceTree = "<group>";
		};
		2B2E02C7258C3F390073DAE9 /* Expression */ = {
			isa = PBXGroup;
			children = (
				2B2E02C8258C3F600073DAE9 /* Expression.swift */,
				2B2E02D8258C53F40073DAE9 /* AtomNodes.swift */,
				2B6D5CFA259C094E003F7DD8 /* FunctionNodes.swift */,
				2B224FBC258619E800F32354 /* Utilities.swift */,
				2B2E02D3258C52B10073DAE9 /* Variables.swift */,
			);
			path = Expression;
			sourceTree = "<group>";
		};
		2B407E6F26894E52004E6F4C /* Drawables */ = {
			isa = PBXGroup;
			children = (
				2B224F6C25844C1900F32354 /* Drawables.metal */,
				2B224F6825844C1800F32354 /* DrawablesStates.swift */,
				2B7CFA332686FD2000221917 /* Drawables.swift */,
			);
			path = Drawables;
			sourceTree = "<group>";
		};
		2B407E7726895F51004E6F4C /* ModelerPipeline */ = {
			isa = PBXGroup;
			children = (
				2B407E7B268960B8004E6F4C /* Modeler.metal */,
				2B407E782689602A004E6F4C /* ModelerPipeline.swift */,
				2B407E7E268962E3004E6F4C /* ModelerStates.swift */,
			);
			path = ModelerPipeline;
			sourceTree = "<group>";
		};
		2B6AAACD26C4AF3700AD7D55 /* Parser */ = {
			isa = PBXGroup;
			children = (
				2B6AAACE26C4AF5C00AD7D55 /* SignedParser.swift */,
				2B604E4626C501E70034B661 /* SignedNode.swift */,
				2BCBE4DC26C52EF1008FB150 /* SignedBuildingNode.swift */,
				2BCBE4DF26C5349C008FB150 /* SignedObjectNode.swift */,
				2BCBE4E226C534E1008FB150 /* SignedWallNode.swift */,
				2B2536EF26C75307000BE62B /* SignedBuildNode.swift */,
				2BCBE4E526C5351E008FB150 /* SignedMaterialNode.swift */,
			);
			path = Parser;
			sourceTree = "<group>";
		};
		2B7CFA2C2686F5F800221917 /* RenderPipeline */ = {
			isa = PBXGroup;
			children = (
				2B407E7026894FF8004E6F4C /* Render.metal */,
				2B7CFA2D2686F61D00221917 /* RenderPipeline.swift */,
				2B7CFA36268708D000221917 /* BaseShader.swift */,
				2B7CFA3926870D5400221917 /* MiscShader.swift */,
				2B52C5F5268801C100CAB2F2 /* ComponentParser.swift */,
				2B407E742689544D004E6F4C /* RenderStates.swift */,
			);
			path = RenderPipeline;
			sourceTree = "<group>";
		};
		2BB4E0AB25B7AAFF0028C76A /* GPURenderPipeline */ = {
			isa = PBXGroup;
			children = (
				2BB4E0AE25B7BBCA0028C76A /* GPURenderPipeline.swift */,
				2BB4E0B525B80C330028C76A /* GPUBaseShader.swift */,
				2B0F923125B9775B00677A38 /* GPUMaterials.swift */,
				2BB4E0BA25B811360028C76A /* GPUCamera.swift */,
				2BB4E0C625B929DC0028C76A /* GPUAnalytical.swift */,
				2BB4E0C125B90DAD0028C76A /* GPUSDF.swift */,
				2B6312D825BAC308002C1FDD /* GPUMisc.swift */,
			);
			path = GPURenderPipeline;
			sourceTree = "<group>";
		};
		2BC042EB267ED2D700DD85E2 /* Views */ = {
			isa = PBXGroup;
			children = (
				2BC042EC267ED31000DD85E2 /* ProjectView.swift */,
				2B62AD67268D60B1000504C0 /* ShapeView.swift */,
				2BC838F426919A070087249A /* MaterialView.swift */,
				2B3CD1FE268A9D46007FCADF /* SideView.swift */,
				2B62AD70268D7FF4000504C0 /* DataView.swift */,
				2B37E6BF268850CE000439EF /* BrowserView.swift */,
				2BC042EF267ED39200DD85E2 /* SettingsView.swift */,
				2B62AD6D268D6FEA000504C0 /* StackView.swift */,
				2BC042F2267ED3FB00DD85E2 /* ParameterView.swift */,
				2BC042F5267ED4A500DD85E2 /* EditorView.swift */,
				2BC042F8267ED54500DD85E2 /* ToolViews.swift */,
				2B71C50B2682CF4500DC7F17 /* LibraryView.swift */,
				2B7CFA302686FC0500221917 /* RenderView.swift */,
				2B224F6B25844C1800F32354 /* CodeEditor.swift */,
			);
			path = Views;
			sourceTree = "<group>";
		};
		2BC9944C2685A59500F75A54 /* Model */ = {
			isa = PBXGroup;
			children = (
				2B405EF6268C44F300F37BCA /* SignedData.swift */,
				2B58F31D268FE95200DE1121 /* SignedMaterial.swift */,
				2B35C8DC268AE082001A601F /* SignedCameras.swift */,
				2B8F435F2686AF9C00AFDA4D /* SignedCommand.swift */,
				2BC994502685AB5400F75A54 /* SignedObject.swift */,
				2B52C5F8268805A700CAB2F2 /* SignedProject.swift */,
				2BC9944D2685A5AC00F75A54 /* Model.swift */,
			);
			path = Model;
			sourceTree = "<group>";
		};
		2BE97DC025AC2A7200729833 /* Graph */ = {
			isa = PBXGroup;
			children = (
				2B1EAD1425A6FAD500E59CFB /* Tool.swift */,
				2B224FA72585EB7F00F32354 /* SignedBuilder.swift */,
				2B400EC325AD45F0006493A0 /* BaseBuilder.swift */,
				2B224FAE2585ED1100F32354 /* Graph.swift */,
				2B224FEB2588A6BD00F32354 /* Nodes.swift */,
				2B224FC52586EA1800F32354 /* SDFNodes.swift */,
				2B400EEB25AD953F006493A0 /* SDFNodes2D.swift */,
				2B224FCA2586F90C00F32354 /* BoolNodes.swift */,
				2B224FB52586105200F32354 /* BranchNodes.swift */,
				2B400E9C25AD3F55006493A0 /* BranchNodes2D.swift */,
				2B224FF62589B52B00F32354 /* AnalyticalNodes.swift */,
				2B821A7A25BD0B9100FBFEFF /* SignedSky.swift */,
				2B76D82A25AC46F000AF6FF2 /* SignedCamera.swift */,
				2B888B5625B15E7600956C64 /* SignedLightNodes.swift */,
				2B888B6125B42C2B00956C64 /* BestCandidate.swift */,
				2B2D71BF25EA2D2F00180AC3 /* ConditionalNodes.swift */,
				2B2D71C425EC7ACE00180AC3 /* OperatorNodes.swift */,
				2BF3FBC225EDCD31002E7161 /* EnvironmentNodes.swift */,
			);
			path = Graph;
			sourceTree = "<group>";
		};
/* End PBXGroup section */

/* Begin PBXNativeTarget section */
		2B224F342584485300F32354 /* Signed (iOS) */ = {
			isa = PBXNativeTarget;
			buildConfigurationList = 2B224F4B2584485300F32354 /* Build configuration list for PBXNativeTarget "Signed (iOS)" */;
			buildPhases = (
				2B224F312584485300F32354 /* Sources */,
				2B224F322584485300F32354 /* Frameworks */,
				2B224F332584485300F32354 /* Resources */,
			);
			buildRules = (
			);
			dependencies = (
			);
			name = "Signed (iOS)";
			packageProductDependencies = (
				2B6FF6B125D2771F0053CEF8 /* DynamicColor */,
			);
			productName = "Signed (iOS)";
			productReference = 2B224F352584485300F32354 /* Signed.app */;
			productType = "com.apple.product-type.application";
		};
		2B224F3C2584485300F32354 /* Signed (macOS) */ = {
			isa = PBXNativeTarget;
			buildConfigurationList = 2B224F4E2584485300F32354 /* Build configuration list for PBXNativeTarget "Signed (macOS)" */;
			buildPhases = (
				2B224F392584485300F32354 /* Sources */,
				2B224F3A2584485300F32354 /* Frameworks */,
				2B224F3B2584485300F32354 /* Resources */,
			);
			buildRules = (
			);
			dependencies = (
			);
			name = "Signed (macOS)";
			packageProductDependencies = (
				2B6FF6B525D2772B0053CEF8 /* DynamicColor */,
			);
			productName = "Signed (macOS)";
			productReference = 2B224F3D2584485300F32354 /* Signed.app */;
			productType = "com.apple.product-type.application";
		};
/* End PBXNativeTarget section */

/* Begin PBXProject section */
		2B224F282584485100F32354 /* Project object */ = {
			isa = PBXProject;
			attributes = {
				LastSwiftUpdateCheck = 1220;
				LastUpgradeCheck = 1230;
				TargetAttributes = {
					2B224F342584485300F32354 = {
						CreatedOnToolsVersion = 12.2;
					};
					2B224F3C2584485300F32354 = {
						CreatedOnToolsVersion = 12.2;
					};
				};
			};
			buildConfigurationList = 2B224F2B2584485100F32354 /* Build configuration list for PBXProject "Signed" */;
			compatibilityVersion = "Xcode 9.3";
			developmentRegion = en;
			hasScannedForEncodings = 0;
			knownRegions = (
				en,
				Base,
			);
			mainGroup = 2B224F272584485100F32354;
			packageReferences = (
				2B6FF6B025D2771F0053CEF8 /* XCRemoteSwiftPackageReference "DynamicColor" */,
			);
			productRefGroup = 2B224F362584485300F32354 /* Products */;
			projectDirPath = "";
			projectRoot = "";
			targets = (
				2B224F342584485300F32354 /* Signed (iOS) */,
				2B224F3C2584485300F32354 /* Signed (macOS) */,
			);
		};
/* End PBXProject section */

/* Begin PBXResourcesBuildPhase section */
		2B224F332584485300F32354 /* Resources */ = {
			isa = PBXResourcesBuildPhase;
			buildActionMask = 2147483647;
			files = (
				2B224F9A25844D0E00F32354 /* Files in Resources */,
				2B224F472584485300F32354 /* Assets.xcassets in Resources */,
			);
			runOnlyForDeploymentPostprocessing = 0;
		};
		2B224F3B2584485300F32354 /* Resources */ = {
			isa = PBXResourcesBuildPhase;
			buildActionMask = 2147483647;
			files = (
				2B224F9B25844D0E00F32354 /* Files in Resources */,
				2B224F482584485300F32354 /* Assets.xcassets in Resources */,
			);
			runOnlyForDeploymentPostprocessing = 0;
		};
/* End PBXResourcesBuildPhase section */

/* Begin PBXSourcesBuildPhase section */
		2B224F312584485300F32354 /* Sources */ = {
			isa = PBXSourcesBuildPhase;
			buildActionMask = 2147483647;
			files = (
				2B224F7525844C1900F32354 /* MetalView.swift in Sources */,
				2B58F31E268FE95200DE1121 /* SignedMaterial.swift in Sources */,
				2B224FA82585EB7F00F32354 /* SignedBuilder.swift in Sources */,
				2B62AD68268D60B1000504C0 /* ShapeView.swift in Sources */,
				2BC042F3267ED3FB00DD85E2 /* ParameterView.swift in Sources */,
				2B224FF72589B52B00F32354 /* AnalyticalNodes.swift in Sources */,
				2B651A442682C8BC002DF988 /* PersistenceController.swift in Sources */,
				2BC838F526919A070087249A /* MaterialView.swift in Sources */,
				2B604E4726C501E70034B661 /* SignedNode.swift in Sources */,
				2B6312D925BAC308002C1FDD /* GPUMisc.swift in Sources */,
				2B224F432584485300F32354 /* SignedDocument.swift in Sources */,
				2B7CFA342686FD2000221917 /* Drawables.swift in Sources */,
				2B224FC62586EA1800F32354 /* SDFNodes.swift in Sources */,
				2B224D9825A40C3D006C5C2F /* ScriptProcessor.swift in Sources */,
				2B224F8925844C3100F32354 /* Font.swift in Sources */,
				2B2D71C025EA2D2F00180AC3 /* ConditionalNodes.swift in Sources */,
				2B224F7325844C1900F32354 /* Asset.swift in Sources */,
				2B224FCB2586F90C00F32354 /* BoolNodes.swift in Sources */,
				2B407E7C268960B8004E6F4C /* Modeler.metal in Sources */,
				2B407E7F268962E3004E6F4C /* ModelerStates.swift in Sources */,
				2B7CFA3A26870D5400221917 /* MiscShader.swift in Sources */,
				2B400EEC25AD953F006493A0 /* SDFNodes2D.swift in Sources */,
				2B224F7925844C1900F32354 /* DrawablesStates.swift in Sources */,
				2B224FAF2585ED1100F32354 /* Graph.swift in Sources */,
				2B224F6F25844C1900F32354 /* Core.swift in Sources */,
				2BF3FBC325EDCD31002E7161 /* EnvironmentNodes.swift in Sources */,
				2BC6FB39259EAF0E007CEC7A /* StoreManager.swift in Sources */,
				2B6FF6AA25D2763C0053CEF8 /* ColorRing.swift in Sources */,
				2BB4E0C725B929DC0028C76A /* GPUAnalytical.swift in Sources */,
				2B52C5F9268805A700CAB2F2 /* SignedProject.swift in Sources */,
				2B7CFA312686FC0500221917 /* RenderView.swift in Sources */,
				2B224F8B25844C3100F32354 /* Classes.swift in Sources */,
				2BCF02B726BF6AF0007E3F0A /* SignedJSBase.swift in Sources */,
				2BC042ED267ED31000DD85E2 /* ProjectView.swift in Sources */,
				2B888B6225B42C2B00956C64 /* BestCandidate.swift in Sources */,
				2B7CFA37268708D000221917 /* BaseShader.swift in Sources */,
				2B407E7126894FF8004E6F4C /* Render.metal in Sources */,
				2BC042F6267ED4A500DD85E2 /* EditorView.swift in Sources */,
				2BB4E0B625B80C330028C76A /* GPUBaseShader.swift in Sources */,
				2BCBE4DD26C52EF1008FB150 /* SignedBuildingNode.swift in Sources */,
				2B62AD6E268D6FEA000504C0 /* StackView.swift in Sources */,
				2BB4E0BB25B811360028C76A /* GPUCamera.swift in Sources */,
				2BC042F0267ED39200DD85E2 /* SettingsView.swift in Sources */,
				2B3CD1FF268A9D46007FCADF /* SideView.swift in Sources */,
				2B407E792689602A004E6F4C /* ModelerPipeline.swift in Sources */,
				2B71C50C2682CF4500DC7F17 /* LibraryView.swift in Sources */,
				2B224F8125844C1900F32354 /* Drawables.metal in Sources */,
				2B35C8DD268AE082001A601F /* SignedCameras.swift in Sources */,
				2B2E02C9258C3F600073DAE9 /* Expression.swift in Sources */,
				2B1EAD1525A6FAD500E59CFB /* Tool.swift in Sources */,
				2B224F412584485300F32354 /* SignedApp.swift in Sources */,
				2B2E02D9258C53F40073DAE9 /* AtomNodes.swift in Sources */,
				2B400EC425AD45F0006493A0 /* BaseBuilder.swift in Sources */,
				2B2536F026C75307000BE62B /* SignedBuildNode.swift in Sources */,
				2B7CFA2E2686F61D00221917 /* RenderPipeline.swift in Sources */,
				2B407E752689544D004E6F4C /* RenderStates.swift in Sources */,
				2B224FB62586105200F32354 /* BranchNodes.swift in Sources */,
				2B224F452584485300F32354 /* ContentView.swift in Sources */,
				2B6FF69625D25E470053CEF8 /* NodesWidget.swift in Sources */,
				2B8A692B25A4486A006B1B5C /* CameraHelper.swift in Sources */,
				2B6D5CFB259C094E003F7DD8 /* FunctionNodes.swift in Sources */,
				2BB4E0AF25B7BBCA0028C76A /* GPURenderPipeline.swift in Sources */,
				2BCF02B426BF6A30007E3F0A /* SignedJSShape.swift in Sources */,
				2BCBE4E626C5351E008FB150 /* SignedMaterialNode.swift in Sources */,
				2B52C5F6268801C100CAB2F2 /* ComponentParser.swift in Sources */,
				2B405EF7268C44F300F37BCA /* SignedData.swift in Sources */,
				2BC042F9267ED54500DD85E2 /* ToolViews.swift in Sources */,
				2B2D71C525EC7ACE00180AC3 /* OperatorNodes.swift in Sources */,
				2B62AD71268D7FF4000504C0 /* DataView.swift in Sources */,
				2B224F6D25844C1900F32354 /* Utils.swift in Sources */,
				2B2E02D4258C52B10073DAE9 /* Variables.swift in Sources */,
				2BB4E0C225B90DAD0028C76A /* GPUSDF.swift in Sources */,
				2B224F7F25844C1900F32354 /* CodeEditor.swift in Sources */,
				2B76D82B25AC46F000AF6FF2 /* SignedCamera.swift in Sources */,
				2B224F7B25844C1900F32354 /* File.swift in Sources */,
				2B400E9D25AD3F56006493A0 /* BranchNodes2D.swift in Sources */,
				2BCBE4E026C5349C008FB150 /* SignedObjectNode.swift in Sources */,
				2B6AAACF26C4AF5C00AD7D55 /* SignedParser.swift in Sources */,
				2B224F7125844C1900F32354 /* MathLibrary.swift in Sources */,
				2B0F923225B9775B00677A38 /* GPUMaterials.swift in Sources */,
				2B8F43602686AF9D00AFDA4D /* SignedCommand.swift in Sources */,
				2B224FBD258619E800F32354 /* Utilities.swift in Sources */,
				2BCBE4E326C534E1008FB150 /* SignedWallNode.swift in Sources */,
				2B37E6C0268850CE000439EF /* BrowserView.swift in Sources */,
				2B651A412682C5FC002DF988 /* DataModel.xcdatamodeld in Sources */,
				2BC994512685AB5400F75A54 /* SignedObject.swift in Sources */,
				2BC9944E2685A5AC00F75A54 /* Model.swift in Sources */,
				2B888B5725B15E7600956C64 /* SignedLightNodes.swift in Sources */,
				2B224FEC2588A6BD00F32354 /* Nodes.swift in Sources */,
				2B003D5E26BCD8B900BBD28C /* ScriptHandler.swift in Sources */,
			);
			runOnlyForDeploymentPostprocessing = 0;
		};
		2B224F392584485300F32354 /* Sources */ = {
			isa = PBXSourcesBuildPhase;
			buildActionMask = 2147483647;
			files = (
				2B224F7625844C1900F32354 /* MetalView.swift in Sources */,
				2B58F31F268FE95200DE1121 /* SignedMaterial.swift in Sources */,
				2B224FA92585EB7F00F32354 /* SignedBuilder.swift in Sources */,
				2B62AD69268D60B1000504C0 /* ShapeView.swift in Sources */,
				2BC042F4267ED3FB00DD85E2 /* ParameterView.swift in Sources */,
				2B224FF82589B52B00F32354 /* AnalyticalNodes.swift in Sources */,
				2B651A452682C8BC002DF988 /* PersistenceController.swift in Sources */,
				2BC838F626919A070087249A /* MaterialView.swift in Sources */,
				2B604E4826C501E70034B661 /* SignedNode.swift in Sources */,
				2B6312DA25BAC308002C1FDD /* GPUMisc.swift in Sources */,
				2B224F442584485300F32354 /* SignedDocument.swift in Sources */,
				2B7CFA352686FD2000221917 /* Drawables.swift in Sources */,
				2B224FC72586EA1800F32354 /* SDFNodes.swift in Sources */,
				2B224D9925A40C3D006C5C2F /* ScriptProcessor.swift in Sources */,
				2B224F8A25844C3100F32354 /* Font.swift in Sources */,
				2B2D71C125EA2D2F00180AC3 /* ConditionalNodes.swift in Sources */,
				2B224F7425844C1900F32354 /* Asset.swift in Sources */,
				2B224FCC2586F90C00F32354 /* BoolNodes.swift in Sources */,
				2B407E7D268960B8004E6F4C /* Modeler.metal in Sources */,
				2B407E80268962E3004E6F4C /* ModelerStates.swift in Sources */,
				2B7CFA3B26870D5400221917 /* MiscShader.swift in Sources */,
				2B400EED25AD953F006493A0 /* SDFNodes2D.swift in Sources */,
				2B224F7A25844C1900F32354 /* DrawablesStates.swift in Sources */,
				2B224FB02585ED1100F32354 /* Graph.swift in Sources */,
				2B224F7025844C1900F32354 /* Core.swift in Sources */,
				2BF3FBC425EDCD31002E7161 /* EnvironmentNodes.swift in Sources */,
				2BC6FB3A259EAF0E007CEC7A /* StoreManager.swift in Sources */,
				2B6FF6AB25D2763C0053CEF8 /* ColorRing.swift in Sources */,
				2BB4E0C825B929DC0028C76A /* GPUAnalytical.swift in Sources */,
				2B52C5FA268805A700CAB2F2 /* SignedProject.swift in Sources */,
				2B7CFA322686FC0500221917 /* RenderView.swift in Sources */,
				2B224F8C25844C3100F32354 /* Classes.swift in Sources */,
				2BCF02B826BF6AF0007E3F0A /* SignedJSBase.swift in Sources */,
				2BC042EE267ED31000DD85E2 /* ProjectView.swift in Sources */,
				2B888B6325B42C2C00956C64 /* BestCandidate.swift in Sources */,
				2B7CFA38268708D000221917 /* BaseShader.swift in Sources */,
				2B407E7226894FF8004E6F4C /* Render.metal in Sources */,
				2BC042F7267ED4A500DD85E2 /* EditorView.swift in Sources */,
				2BB4E0B725B80C330028C76A /* GPUBaseShader.swift in Sources */,
				2BCBE4DE26C52EF1008FB150 /* SignedBuildingNode.swift in Sources */,
				2B62AD6F268D6FEA000504C0 /* StackView.swift in Sources */,
				2BB4E0BC25B811360028C76A /* GPUCamera.swift in Sources */,
				2BC042F1267ED39200DD85E2 /* SettingsView.swift in Sources */,
				2B3CD200268A9D46007FCADF /* SideView.swift in Sources */,
				2B407E7A2689602A004E6F4C /* ModelerPipeline.swift in Sources */,
				2B71C50D2682CF4500DC7F17 /* LibraryView.swift in Sources */,
				2B224F8225844C1900F32354 /* Drawables.metal in Sources */,
				2B35C8DE268AE082001A601F /* SignedCameras.swift in Sources */,
				2B2E02CE258C3F620073DAE9 /* Expression.swift in Sources */,
				2B1EAD1625A6FAD500E59CFB /* Tool.swift in Sources */,
				2B224F422584485300F32354 /* SignedApp.swift in Sources */,
				2B2E02DA258C53F40073DAE9 /* AtomNodes.swift in Sources */,
				2B400EC525AD45F0006493A0 /* BaseBuilder.swift in Sources */,
				2B2536F126C75307000BE62B /* SignedBuildNode.swift in Sources */,
				2B7CFA2F2686F61D00221917 /* RenderPipeline.swift in Sources */,
				2B407E762689544D004E6F4C /* RenderStates.swift in Sources */,
				2B224FB72586105200F32354 /* BranchNodes.swift in Sources */,
				2B224F462584485300F32354 /* ContentView.swift in Sources */,
				2B6FF69725D25E480053CEF8 /* NodesWidget.swift in Sources */,
				2B8A692C25A4486A006B1B5C /* CameraHelper.swift in Sources */,
				2B6D5CFC259C094E003F7DD8 /* FunctionNodes.swift in Sources */,
				2BB4E0B025B7BBCA0028C76A /* GPURenderPipeline.swift in Sources */,
				2BCF02B526BF6A30007E3F0A /* SignedJSShape.swift in Sources */,
				2BCBE4E726C5351E008FB150 /* SignedMaterialNode.swift in Sources */,
				2B52C5F7268801C100CAB2F2 /* ComponentParser.swift in Sources */,
				2B405EF8268C44F300F37BCA /* SignedData.swift in Sources */,
				2BC042FA267ED54500DD85E2 /* ToolViews.swift in Sources */,
				2B2D71C625EC7ACE00180AC3 /* OperatorNodes.swift in Sources */,
				2B62AD72268D7FF4000504C0 /* DataView.swift in Sources */,
				2B224F6E25844C1900F32354 /* Utils.swift in Sources */,
				2B2E02D5258C52B10073DAE9 /* Variables.swift in Sources */,
				2BB4E0C325B90DAD0028C76A /* GPUSDF.swift in Sources */,
				2B224F8025844C1900F32354 /* CodeEditor.swift in Sources */,
				2B76D82C25AC46F000AF6FF2 /* SignedCamera.swift in Sources */,
				2B224F7C25844C1900F32354 /* File.swift in Sources */,
				2B400E9E25AD3F56006493A0 /* BranchNodes2D.swift in Sources */,
				2BCBE4E126C5349C008FB150 /* SignedObjectNode.swift in Sources */,
				2B6AAAD026C4AF5C00AD7D55 /* SignedParser.swift in Sources */,
				2B224F7225844C1900F32354 /* MathLibrary.swift in Sources */,
				2B0F923325B9775B00677A38 /* GPUMaterials.swift in Sources */,
				2B8F43612686AF9D00AFDA4D /* SignedCommand.swift in Sources */,
				2B224FBE258619E800F32354 /* Utilities.swift in Sources */,
				2BCBE4E426C534E1008FB150 /* SignedWallNode.swift in Sources */,
				2B37E6C1268850CE000439EF /* BrowserView.swift in Sources */,
				2B651A422682C5FC002DF988 /* DataModel.xcdatamodeld in Sources */,
				2BC994522685AB5400F75A54 /* SignedObject.swift in Sources */,
				2BC9944F2685A5AC00F75A54 /* Model.swift in Sources */,
				2B888B5825B15E7600956C64 /* SignedLightNodes.swift in Sources */,
				2B224FED2588A6BD00F32354 /* Nodes.swift in Sources */,
				2B003D5F26BCD8B900BBD28C /* ScriptHandler.swift in Sources */,
			);
			runOnlyForDeploymentPostprocessing = 0;
		};
/* End PBXSourcesBuildPhase section */

/* Begin XCBuildConfiguration section */
		2B224F492584485300F32354 /* Debug */ = {
			isa = XCBuildConfiguration;
			buildSettings = {
				ALWAYS_SEARCH_USER_PATHS = NO;
				CLANG_ANALYZER_NONNULL = YES;
				CLANG_ANALYZER_NUMBER_OBJECT_CONVERSION = YES_AGGRESSIVE;
				CLANG_CXX_LANGUAGE_STANDARD = "gnu++14";
				CLANG_CXX_LIBRARY = "libc++";
				CLANG_ENABLE_MODULES = YES;
				CLANG_ENABLE_OBJC_ARC = YES;
				CLANG_ENABLE_OBJC_WEAK = YES;
				CLANG_WARN_BLOCK_CAPTURE_AUTORELEASING = YES;
				CLANG_WARN_BOOL_CONVERSION = YES;
				CLANG_WARN_COMMA = YES;
				CLANG_WARN_CONSTANT_CONVERSION = YES;
				CLANG_WARN_DEPRECATED_OBJC_IMPLEMENTATIONS = YES;
				CLANG_WARN_DIRECT_OBJC_ISA_USAGE = YES_ERROR;
				CLANG_WARN_DOCUMENTATION_COMMENTS = YES;
				CLANG_WARN_EMPTY_BODY = YES;
				CLANG_WARN_ENUM_CONVERSION = YES;
				CLANG_WARN_INFINITE_RECURSION = YES;
				CLANG_WARN_INT_CONVERSION = YES;
				CLANG_WARN_NON_LITERAL_NULL_CONVERSION = YES;
				CLANG_WARN_OBJC_IMPLICIT_RETAIN_SELF = YES;
				CLANG_WARN_OBJC_LITERAL_CONVERSION = YES;
				CLANG_WARN_OBJC_ROOT_CLASS = YES_ERROR;
				CLANG_WARN_QUOTED_INCLUDE_IN_FRAMEWORK_HEADER = YES;
				CLANG_WARN_RANGE_LOOP_ANALYSIS = YES;
				CLANG_WARN_STRICT_PROTOTYPES = YES;
				CLANG_WARN_SUSPICIOUS_MOVE = YES;
				CLANG_WARN_UNGUARDED_AVAILABILITY = YES_AGGRESSIVE;
				CLANG_WARN_UNREACHABLE_CODE = YES;
				CLANG_WARN__DUPLICATE_METHOD_MATCH = YES;
				COPY_PHASE_STRIP = NO;
				DEBUG_INFORMATION_FORMAT = dwarf;
				ENABLE_STRICT_OBJC_MSGSEND = YES;
				ENABLE_TESTABILITY = YES;
				GCC_C_LANGUAGE_STANDARD = gnu11;
				GCC_DYNAMIC_NO_PIC = NO;
				GCC_NO_COMMON_BLOCKS = YES;
				GCC_OPTIMIZATION_LEVEL = 0;
				GCC_PREPROCESSOR_DEFINITIONS = (
					"DEBUG=1",
					"$(inherited)",
				);
				GCC_WARN_64_TO_32_BIT_CONVERSION = YES;
				GCC_WARN_ABOUT_RETURN_TYPE = YES_ERROR;
				GCC_WARN_UNDECLARED_SELECTOR = YES;
				GCC_WARN_UNINITIALIZED_AUTOS = YES_AGGRESSIVE;
				GCC_WARN_UNUSED_FUNCTION = YES;
				GCC_WARN_UNUSED_VARIABLE = YES;
				IPHONEOS_DEPLOYMENT_TARGET = 15.0;
				MACOSX_DEPLOYMENT_TARGET = 12.0;
				MTL_ENABLE_DEBUG_INFO = INCLUDE_SOURCE;
				MTL_FAST_MATH = YES;
				ONLY_ACTIVE_ARCH = YES;
				SWIFT_ACTIVE_COMPILATION_CONDITIONS = DEBUG;
				SWIFT_OPTIMIZATION_LEVEL = "-Onone";
			};
			name = Debug;
		};
		2B224F4A2584485300F32354 /* Release */ = {
			isa = XCBuildConfiguration;
			buildSettings = {
				ALWAYS_SEARCH_USER_PATHS = NO;
				CLANG_ANALYZER_NONNULL = YES;
				CLANG_ANALYZER_NUMBER_OBJECT_CONVERSION = YES_AGGRESSIVE;
				CLANG_CXX_LANGUAGE_STANDARD = "gnu++14";
				CLANG_CXX_LIBRARY = "libc++";
				CLANG_ENABLE_MODULES = YES;
				CLANG_ENABLE_OBJC_ARC = YES;
				CLANG_ENABLE_OBJC_WEAK = YES;
				CLANG_WARN_BLOCK_CAPTURE_AUTORELEASING = YES;
				CLANG_WARN_BOOL_CONVERSION = YES;
				CLANG_WARN_COMMA = YES;
				CLANG_WARN_CONSTANT_CONVERSION = YES;
				CLANG_WARN_DEPRECATED_OBJC_IMPLEMENTATIONS = YES;
				CLANG_WARN_DIRECT_OBJC_ISA_USAGE = YES_ERROR;
				CLANG_WARN_DOCUMENTATION_COMMENTS = YES;
				CLANG_WARN_EMPTY_BODY = YES;
				CLANG_WARN_ENUM_CONVERSION = YES;
				CLANG_WARN_INFINITE_RECURSION = YES;
				CLANG_WARN_INT_CONVERSION = YES;
				CLANG_WARN_NON_LITERAL_NULL_CONVERSION = YES;
				CLANG_WARN_OBJC_IMPLICIT_RETAIN_SELF = YES;
				CLANG_WARN_OBJC_LITERAL_CONVERSION = YES;
				CLANG_WARN_OBJC_ROOT_CLASS = YES_ERROR;
				CLANG_WARN_QUOTED_INCLUDE_IN_FRAMEWORK_HEADER = YES;
				CLANG_WARN_RANGE_LOOP_ANALYSIS = YES;
				CLANG_WARN_STRICT_PROTOTYPES = YES;
				CLANG_WARN_SUSPICIOUS_MOVE = YES;
				CLANG_WARN_UNGUARDED_AVAILABILITY = YES_AGGRESSIVE;
				CLANG_WARN_UNREACHABLE_CODE = YES;
				CLANG_WARN__DUPLICATE_METHOD_MATCH = YES;
				COPY_PHASE_STRIP = NO;
				DEBUG_INFORMATION_FORMAT = "dwarf-with-dsym";
				ENABLE_NS_ASSERTIONS = NO;
				ENABLE_STRICT_OBJC_MSGSEND = YES;
				GCC_C_LANGUAGE_STANDARD = gnu11;
				GCC_NO_COMMON_BLOCKS = YES;
				GCC_WARN_64_TO_32_BIT_CONVERSION = YES;
				GCC_WARN_ABOUT_RETURN_TYPE = YES_ERROR;
				GCC_WARN_UNDECLARED_SELECTOR = YES;
				GCC_WARN_UNINITIALIZED_AUTOS = YES_AGGRESSIVE;
				GCC_WARN_UNUSED_FUNCTION = YES;
				GCC_WARN_UNUSED_VARIABLE = YES;
				IPHONEOS_DEPLOYMENT_TARGET = 15.0;
				MACOSX_DEPLOYMENT_TARGET = 12.0;
				MTL_ENABLE_DEBUG_INFO = NO;
				MTL_FAST_MATH = YES;
				SWIFT_COMPILATION_MODE = wholemodule;
				SWIFT_OPTIMIZATION_LEVEL = "-O";
			};
			name = Release;
		};
		2B224F4C2584485300F32354 /* Debug */ = {
			isa = XCBuildConfiguration;
			buildSettings = {
				ASSETCATALOG_COMPILER_APPICON_NAME = AppIcon;
				ASSETCATALOG_COMPILER_GLOBAL_ACCENT_COLOR_NAME = AccentColor;
				CODE_SIGN_STYLE = Automatic;
				DEVELOPMENT_TEAM = G6R6L3VH62;
				ENABLE_PREVIEWS = YES;
				INFOPLIST_FILE = iOS/Info.plist;
				IPHONEOS_DEPLOYMENT_TARGET = 15.0;
				LD_RUNPATH_SEARCH_PATHS = (
					"$(inherited)",
					"@executable_path/Frameworks",
				);
				PRODUCT_BUNDLE_IDENTIFIER = com.moenig.Signed;
				PRODUCT_NAME = Signed;
				SDKROOT = iphoneos;
				SWIFT_OBJC_BRIDGING_HEADER = Shared/Metal.h;
				SWIFT_VERSION = 5.0;
				TARGETED_DEVICE_FAMILY = "1,2";
			};
			name = Debug;
		};
		2B224F4D2584485300F32354 /* Release */ = {
			isa = XCBuildConfiguration;
			buildSettings = {
				ASSETCATALOG_COMPILER_APPICON_NAME = AppIcon;
				ASSETCATALOG_COMPILER_GLOBAL_ACCENT_COLOR_NAME = AccentColor;
				CODE_SIGN_STYLE = Automatic;
				DEVELOPMENT_TEAM = G6R6L3VH62;
				ENABLE_PREVIEWS = YES;
				INFOPLIST_FILE = iOS/Info.plist;
				IPHONEOS_DEPLOYMENT_TARGET = 15.0;
				LD_RUNPATH_SEARCH_PATHS = (
					"$(inherited)",
					"@executable_path/Frameworks",
				);
				PRODUCT_BUNDLE_IDENTIFIER = com.moenig.Signed;
				PRODUCT_NAME = Signed;
				SDKROOT = iphoneos;
				SWIFT_OBJC_BRIDGING_HEADER = Shared/Metal.h;
				SWIFT_VERSION = 5.0;
				TARGETED_DEVICE_FAMILY = "1,2";
				VALIDATE_PRODUCT = YES;
			};
			name = Release;
		};
		2B224F4F2584485300F32354 /* Debug */ = {
			isa = XCBuildConfiguration;
			buildSettings = {
				ASSETCATALOG_COMPILER_APPICON_NAME = AppIcon;
				ASSETCATALOG_COMPILER_GLOBAL_ACCENT_COLOR_NAME = AccentColor;
				CODE_SIGN_ENTITLEMENTS = macOS/macOS.entitlements;
				CODE_SIGN_IDENTITY = "Apple Development";
				CODE_SIGN_STYLE = Automatic;
				COMBINE_HIDPI_IMAGES = YES;
				DEVELOPMENT_TEAM = G6R6L3VH62;
				ENABLE_HARDENED_RUNTIME = YES;
				ENABLE_PREVIEWS = YES;
				INFOPLIST_FILE = macOS/Info.plist;
				LD_RUNPATH_SEARCH_PATHS = (
					"$(inherited)",
					"@executable_path/../Frameworks",
				);
				MACOSX_DEPLOYMENT_TARGET = 12.0;
				PRODUCT_BUNDLE_IDENTIFIER = com.moenig.signed;
				PRODUCT_NAME = Signed;
				SDKROOT = macosx;
				SWIFT_DISABLE_SAFETY_CHECKS = NO;
				SWIFT_ENFORCE_EXCLUSIVE_ACCESS = on;
				SWIFT_OBJC_BRIDGING_HEADER = Shared/Metal.h;
				SWIFT_VERSION = 5.0;
			};
			name = Debug;
		};
		2B224F502584485300F32354 /* Release */ = {
			isa = XCBuildConfiguration;
			buildSettings = {
				ASSETCATALOG_COMPILER_APPICON_NAME = AppIcon;
				ASSETCATALOG_COMPILER_GLOBAL_ACCENT_COLOR_NAME = AccentColor;
				CODE_SIGN_ENTITLEMENTS = macOS/macOS.entitlements;
				CODE_SIGN_IDENTITY = "Apple Development";
				CODE_SIGN_STYLE = Automatic;
				COMBINE_HIDPI_IMAGES = YES;
				DEVELOPMENT_TEAM = G6R6L3VH62;
				ENABLE_HARDENED_RUNTIME = YES;
				ENABLE_PREVIEWS = YES;
				INFOPLIST_FILE = macOS/Info.plist;
				LD_RUNPATH_SEARCH_PATHS = (
					"$(inherited)",
					"@executable_path/../Frameworks",
				);
				MACOSX_DEPLOYMENT_TARGET = 12.0;
				PRODUCT_BUNDLE_IDENTIFIER = com.moenig.signed;
				PRODUCT_NAME = Signed;
				SDKROOT = macosx;
				SWIFT_DISABLE_SAFETY_CHECKS = NO;
				SWIFT_ENFORCE_EXCLUSIVE_ACCESS = on;
				SWIFT_OBJC_BRIDGING_HEADER = Shared/Metal.h;
				SWIFT_VERSION = 5.0;
			};
			name = Release;
		};
/* End XCBuildConfiguration section */

/* Begin XCConfigurationList section */
		2B224F2B2584485100F32354 /* Build configuration list for PBXProject "Signed" */ = {
			isa = XCConfigurationList;
			buildConfigurations = (
				2B224F492584485300F32354 /* Debug */,
				2B224F4A2584485300F32354 /* Release */,
			);
			defaultConfigurationIsVisible = 0;
			defaultConfigurationName = Release;
		};
		2B224F4B2584485300F32354 /* Build configuration list for PBXNativeTarget "Signed (iOS)" */ = {
			isa = XCConfigurationList;
			buildConfigurations = (
				2B224F4C2584485300F32354 /* Debug */,
				2B224F4D2584485300F32354 /* Release */,
			);
			defaultConfigurationIsVisible = 0;
			defaultConfigurationName = Release;
		};
		2B224F4E2584485300F32354 /* Build configuration list for PBXNativeTarget "Signed (macOS)" */ = {
			isa = XCConfigurationList;
			buildConfigurations = (
				2B224F4F2584485300F32354 /* Debug */,
				2B224F502584485300F32354 /* Release */,
			);
			defaultConfigurationIsVisible = 0;
			defaultConfigurationName = Release;
		};
/* End XCConfigurationList section */

/* Begin XCRemoteSwiftPackageReference section */
		2B6FF6B025D2771F0053CEF8 /* XCRemoteSwiftPackageReference "DynamicColor" */ = {
			isa = XCRemoteSwiftPackageReference;
			repositoryURL = "https://github.com/yannickl/DynamicColor.git";
			requirement = {
				kind = upToNextMajorVersion;
				minimumVersion = 5.0.1;
			};
		};
/* End XCRemoteSwiftPackageReference section */

/* Begin XCSwiftPackageProductDependency section */
		2B6FF6B125D2771F0053CEF8 /* DynamicColor */ = {
			isa = XCSwiftPackageProductDependency;
			package = 2B6FF6B025D2771F0053CEF8 /* XCRemoteSwiftPackageReference "DynamicColor" */;
			productName = DynamicColor;
		};
		2B6FF6B525D2772B0053CEF8 /* DynamicColor */ = {
			isa = XCSwiftPackageProductDependency;
			package = 2B6FF6B025D2771F0053CEF8 /* XCRemoteSwiftPackageReference "DynamicColor" */;
			productName = DynamicColor;
		};
/* End XCSwiftPackageProductDependency section */

/* Begin XCVersionGroup section */
		2B651A3F2682C5FC002DF988 /* DataModel.xcdatamodeld */ = {
			isa = XCVersionGroup;
			children = (
				2B651A402682C5FC002DF988 /* DataModel.xcdatamodel */,
			);
			currentVersion = 2B651A402682C5FC002DF988 /* DataModel.xcdatamodel */;
			path = DataModel.xcdatamodeld;
			sourceTree = "<group>";
			versionGroupType = wrapper.xcdatamodel;
		};
/* End XCVersionGroup section */
	};
	rootObject = 2B224F282584485100F32354 /* Project object */;
}
