// !$*UTF8*$!
{
	archiveVersion = 1;
	classes = {
	};
	objectVersion = 52;
	objects = {

/* Begin PBXBuildFile section */
		2B1EAD1525A6FAD500E59CFB /* Tool.swift in Sources */ = {isa = PBXBuildFile; fileRef = 2B1EAD1425A6FAD500E59CFB /* Tool.swift */; };
		2B1EAD1625A6FAD500E59CFB /* Tool.swift in Sources */ = {isa = PBXBuildFile; fileRef = 2B1EAD1425A6FAD500E59CFB /* Tool.swift */; };
		2B224D9825A40C3D006C5C2F /* ScriptProcessor.swift in Sources */ = {isa = PBXBuildFile; fileRef = 2B224D9725A40C3D006C5C2F /* ScriptProcessor.swift */; };
		2B224D9925A40C3D006C5C2F /* ScriptProcessor.swift in Sources */ = {isa = PBXBuildFile; fileRef = 2B224D9725A40C3D006C5C2F /* ScriptProcessor.swift */; };
		2B224F412584485300F32354 /* SignedApp.swift in Sources */ = {isa = PBXBuildFile; fileRef = 2B224F2D2584485100F32354 /* SignedApp.swift */; };
		2B224F422584485300F32354 /* SignedApp.swift in Sources */ = {isa = PBXBuildFile; fileRef = 2B224F2D2584485100F32354 /* SignedApp.swift */; };
		2B224F432584485300F32354 /* SignedDocument.swift in Sources */ = {isa = PBXBuildFile; fileRef = 2B224F2E2584485100F32354 /* SignedDocument.swift */; };
		2B224F442584485300F32354 /* SignedDocument.swift in Sources */ = {isa = PBXBuildFile; fileRef = 2B224F2E2584485100F32354 /* SignedDocument.swift */; };
		2B224F452584485300F32354 /* ContentView.swift in Sources */ = {isa = PBXBuildFile; fileRef = 2B224F2F2584485100F32354 /* ContentView.swift */; };
		2B224F462584485300F32354 /* ContentView.swift in Sources */ = {isa = PBXBuildFile; fileRef = 2B224F2F2584485100F32354 /* ContentView.swift */; };
		2B224F472584485300F32354 /* Assets.xcassets in Resources */ = {isa = PBXBuildFile; fileRef = 2B224F302584485300F32354 /* Assets.xcassets */; };
		2B224F482584485300F32354 /* Assets.xcassets in Resources */ = {isa = PBXBuildFile; fileRef = 2B224F302584485300F32354 /* Assets.xcassets */; };
		2B224F6D25844C1900F32354 /* Utils.swift in Sources */ = {isa = PBXBuildFile; fileRef = 2B224F6225844C1800F32354 /* Utils.swift */; };
		2B224F6E25844C1900F32354 /* Utils.swift in Sources */ = {isa = PBXBuildFile; fileRef = 2B224F6225844C1800F32354 /* Utils.swift */; };
		2B224F6F25844C1900F32354 /* Core.swift in Sources */ = {isa = PBXBuildFile; fileRef = 2B224F6325844C1800F32354 /* Core.swift */; };
		2B224F7025844C1900F32354 /* Core.swift in Sources */ = {isa = PBXBuildFile; fileRef = 2B224F6325844C1800F32354 /* Core.swift */; };
		2B224F7125844C1900F32354 /* MathLibrary.swift in Sources */ = {isa = PBXBuildFile; fileRef = 2B224F6425844C1800F32354 /* MathLibrary.swift */; };
		2B224F7225844C1900F32354 /* MathLibrary.swift in Sources */ = {isa = PBXBuildFile; fileRef = 2B224F6425844C1800F32354 /* MathLibrary.swift */; };
		2B224F7325844C1900F32354 /* Asset.swift in Sources */ = {isa = PBXBuildFile; fileRef = 2B224F6525844C1800F32354 /* Asset.swift */; };
		2B224F7425844C1900F32354 /* Asset.swift in Sources */ = {isa = PBXBuildFile; fileRef = 2B224F6525844C1800F32354 /* Asset.swift */; };
		2B224F7525844C1900F32354 /* MetalView.swift in Sources */ = {isa = PBXBuildFile; fileRef = 2B224F6625844C1800F32354 /* MetalView.swift */; };
		2B224F7625844C1900F32354 /* MetalView.swift in Sources */ = {isa = PBXBuildFile; fileRef = 2B224F6625844C1800F32354 /* MetalView.swift */; };
		2B224F7925844C1900F32354 /* MetalStates.swift in Sources */ = {isa = PBXBuildFile; fileRef = 2B224F6825844C1800F32354 /* MetalStates.swift */; };
		2B224F7A25844C1900F32354 /* MetalStates.swift in Sources */ = {isa = PBXBuildFile; fileRef = 2B224F6825844C1800F32354 /* MetalStates.swift */; };
		2B224F7B25844C1900F32354 /* File.swift in Sources */ = {isa = PBXBuildFile; fileRef = 2B224F6925844C1800F32354 /* File.swift */; };
		2B224F7C25844C1900F32354 /* File.swift in Sources */ = {isa = PBXBuildFile; fileRef = 2B224F6925844C1800F32354 /* File.swift */; };
		2B224F7D25844C1900F32354 /* Renderer.swift in Sources */ = {isa = PBXBuildFile; fileRef = 2B224F6A25844C1800F32354 /* Renderer.swift */; };
		2B224F7E25844C1900F32354 /* Renderer.swift in Sources */ = {isa = PBXBuildFile; fileRef = 2B224F6A25844C1800F32354 /* Renderer.swift */; };
		2B224F7F25844C1900F32354 /* ScriptEditor.swift in Sources */ = {isa = PBXBuildFile; fileRef = 2B224F6B25844C1800F32354 /* ScriptEditor.swift */; };
		2B224F8025844C1900F32354 /* ScriptEditor.swift in Sources */ = {isa = PBXBuildFile; fileRef = 2B224F6B25844C1800F32354 /* ScriptEditor.swift */; };
		2B224F8125844C1900F32354 /* Metal.metal in Sources */ = {isa = PBXBuildFile; fileRef = 2B224F6C25844C1900F32354 /* Metal.metal */; };
		2B224F8225844C1900F32354 /* Metal.metal in Sources */ = {isa = PBXBuildFile; fileRef = 2B224F6C25844C1900F32354 /* Metal.metal */; };
		2B224F8925844C3100F32354 /* Font.swift in Sources */ = {isa = PBXBuildFile; fileRef = 2B224F8625844C3000F32354 /* Font.swift */; };
		2B224F8A25844C3100F32354 /* Font.swift in Sources */ = {isa = PBXBuildFile; fileRef = 2B224F8625844C3000F32354 /* Font.swift */; };
		2B224F8B25844C3100F32354 /* Classes.swift in Sources */ = {isa = PBXBuildFile; fileRef = 2B224F8725844C3100F32354 /* Classes.swift */; };
		2B224F8C25844C3100F32354 /* Classes.swift in Sources */ = {isa = PBXBuildFile; fileRef = 2B224F8725844C3100F32354 /* Classes.swift */; };
		2B224F9A25844D0E00F32354 /* Files in Resources */ = {isa = PBXBuildFile; fileRef = 2B224F9925844D0E00F32354 /* Files */; };
		2B224F9B25844D0E00F32354 /* Files in Resources */ = {isa = PBXBuildFile; fileRef = 2B224F9925844D0E00F32354 /* Files */; };
		2B224FA025844D6000F32354 /* CloudKit.framework in Frameworks */ = {isa = PBXBuildFile; fileRef = 2B224F9F25844D6000F32354 /* CloudKit.framework */; };
		2B224FA82585EB7F00F32354 /* SignedBuilder.swift in Sources */ = {isa = PBXBuildFile; fileRef = 2B224FA72585EB7F00F32354 /* SignedBuilder.swift */; };
		2B224FA92585EB7F00F32354 /* SignedBuilder.swift in Sources */ = {isa = PBXBuildFile; fileRef = 2B224FA72585EB7F00F32354 /* SignedBuilder.swift */; };
		2B224FAF2585ED1100F32354 /* Graph.swift in Sources */ = {isa = PBXBuildFile; fileRef = 2B224FAE2585ED1100F32354 /* Graph.swift */; };
		2B224FB02585ED1100F32354 /* Graph.swift in Sources */ = {isa = PBXBuildFile; fileRef = 2B224FAE2585ED1100F32354 /* Graph.swift */; };
		2B224FB62586105200F32354 /* BranchNodes.swift in Sources */ = {isa = PBXBuildFile; fileRef = 2B224FB52586105200F32354 /* BranchNodes.swift */; };
		2B224FB72586105200F32354 /* BranchNodes.swift in Sources */ = {isa = PBXBuildFile; fileRef = 2B224FB52586105200F32354 /* BranchNodes.swift */; };
		2B224FBD258619E800F32354 /* Utilities.swift in Sources */ = {isa = PBXBuildFile; fileRef = 2B224FBC258619E800F32354 /* Utilities.swift */; };
		2B224FBE258619E800F32354 /* Utilities.swift in Sources */ = {isa = PBXBuildFile; fileRef = 2B224FBC258619E800F32354 /* Utilities.swift */; };
		2B224FC62586EA1800F32354 /* SDFNodes.swift in Sources */ = {isa = PBXBuildFile; fileRef = 2B224FC52586EA1800F32354 /* SDFNodes.swift */; };
		2B224FC72586EA1800F32354 /* SDFNodes.swift in Sources */ = {isa = PBXBuildFile; fileRef = 2B224FC52586EA1800F32354 /* SDFNodes.swift */; };
		2B224FCB2586F90C00F32354 /* BoolNodes.swift in Sources */ = {isa = PBXBuildFile; fileRef = 2B224FCA2586F90C00F32354 /* BoolNodes.swift */; };
		2B224FCC2586F90C00F32354 /* BoolNodes.swift in Sources */ = {isa = PBXBuildFile; fileRef = 2B224FCA2586F90C00F32354 /* BoolNodes.swift */; };
		2B224FDE25888B4D00F32354 /* Views.swift in Sources */ = {isa = PBXBuildFile; fileRef = 2B224FDD25888B4D00F32354 /* Views.swift */; };
		2B224FDF25888B4D00F32354 /* Views.swift in Sources */ = {isa = PBXBuildFile; fileRef = 2B224FDD25888B4D00F32354 /* Views.swift */; };
		2B224FE425888C6E00F32354 /* Parma in Frameworks */ = {isa = PBXBuildFile; productRef = 2B224FE325888C6E00F32354 /* Parma */; };
		2B224FE825888C8800F32354 /* Parma in Frameworks */ = {isa = PBXBuildFile; productRef = 2B224FE725888C8800F32354 /* Parma */; };
		2B224FEC2588A6BD00F32354 /* Nodes.swift in Sources */ = {isa = PBXBuildFile; fileRef = 2B224FEB2588A6BD00F32354 /* Nodes.swift */; };
		2B224FED2588A6BD00F32354 /* Nodes.swift in Sources */ = {isa = PBXBuildFile; fileRef = 2B224FEB2588A6BD00F32354 /* Nodes.swift */; };
		2B224FF72589B52B00F32354 /* AnalyticalNodes.swift in Sources */ = {isa = PBXBuildFile; fileRef = 2B224FF62589B52B00F32354 /* AnalyticalNodes.swift */; };
		2B224FF82589B52B00F32354 /* AnalyticalNodes.swift in Sources */ = {isa = PBXBuildFile; fileRef = 2B224FF62589B52B00F32354 /* AnalyticalNodes.swift */; };
		2B2E02C9258C3F600073DAE9 /* Expression.swift in Sources */ = {isa = PBXBuildFile; fileRef = 2B2E02C8258C3F600073DAE9 /* Expression.swift */; };
		2B2E02CE258C3F620073DAE9 /* Expression.swift in Sources */ = {isa = PBXBuildFile; fileRef = 2B2E02C8258C3F600073DAE9 /* Expression.swift */; };
		2B2E02D4258C52B10073DAE9 /* Variables.swift in Sources */ = {isa = PBXBuildFile; fileRef = 2B2E02D3258C52B10073DAE9 /* Variables.swift */; };
		2B2E02D5258C52B10073DAE9 /* Variables.swift in Sources */ = {isa = PBXBuildFile; fileRef = 2B2E02D3258C52B10073DAE9 /* Variables.swift */; };
		2B2E02D9258C53F40073DAE9 /* AtomNodes.swift in Sources */ = {isa = PBXBuildFile; fileRef = 2B2E02D8258C53F40073DAE9 /* AtomNodes.swift */; };
		2B2E02DA258C53F40073DAE9 /* AtomNodes.swift in Sources */ = {isa = PBXBuildFile; fileRef = 2B2E02D8258C53F40073DAE9 /* AtomNodes.swift */; };
		2B400E9D25AD3F56006493A0 /* BranchNodes2D.swift in Sources */ = {isa = PBXBuildFile; fileRef = 2B400E9C25AD3F55006493A0 /* BranchNodes2D.swift */; };
		2B400E9E25AD3F56006493A0 /* BranchNodes2D.swift in Sources */ = {isa = PBXBuildFile; fileRef = 2B400E9C25AD3F55006493A0 /* BranchNodes2D.swift */; };
		2B400EC425AD45F0006493A0 /* BaseBuilder.swift in Sources */ = {isa = PBXBuildFile; fileRef = 2B400EC325AD45F0006493A0 /* BaseBuilder.swift */; };
		2B400EC525AD45F0006493A0 /* BaseBuilder.swift in Sources */ = {isa = PBXBuildFile; fileRef = 2B400EC325AD45F0006493A0 /* BaseBuilder.swift */; };
		2B4293BF259429AD00B56347 /* TexNodes.swift in Sources */ = {isa = PBXBuildFile; fileRef = 2B4293BE259429AD00B56347 /* TexNodes.swift */; };
		2B4293C0259429AD00B56347 /* TexNodes.swift in Sources */ = {isa = PBXBuildFile; fileRef = 2B4293BE259429AD00B56347 /* TexNodes.swift */; };
		2B6D5CFB259C094E003F7DD8 /* FunctionNodes.swift in Sources */ = {isa = PBXBuildFile; fileRef = 2B6D5CFA259C094E003F7DD8 /* FunctionNodes.swift */; };
		2B6D5CFC259C094E003F7DD8 /* FunctionNodes.swift in Sources */ = {isa = PBXBuildFile; fileRef = 2B6D5CFA259C094E003F7DD8 /* FunctionNodes.swift */; };
		2B6D5D02259C664A003F7DD8 /* SignedSpecific.swift in Sources */ = {isa = PBXBuildFile; fileRef = 2B6D5D01259C664A003F7DD8 /* SignedSpecific.swift */; };
		2B6D5D03259C664A003F7DD8 /* SignedSpecific.swift in Sources */ = {isa = PBXBuildFile; fileRef = 2B6D5D01259C664A003F7DD8 /* SignedSpecific.swift */; };
		2B76D82B25AC46F000AF6FF2 /* SignedGraph.swift in Sources */ = {isa = PBXBuildFile; fileRef = 2B76D82A25AC46F000AF6FF2 /* SignedGraph.swift */; };
		2B76D82C25AC46F000AF6FF2 /* SignedGraph.swift in Sources */ = {isa = PBXBuildFile; fileRef = 2B76D82A25AC46F000AF6FF2 /* SignedGraph.swift */; };
		2B8A692B25A4486A006B1B5C /* CameraHelper.swift in Sources */ = {isa = PBXBuildFile; fileRef = 2B8A692A25A4486A006B1B5C /* CameraHelper.swift */; };
		2B8A692C25A4486A006B1B5C /* CameraHelper.swift in Sources */ = {isa = PBXBuildFile; fileRef = 2B8A692A25A4486A006B1B5C /* CameraHelper.swift */; };
		2BC6FB39259EAF0E007CEC7A /* StoreManager.swift in Sources */ = {isa = PBXBuildFile; fileRef = 2BC6FB38259EAF0E007CEC7A /* StoreManager.swift */; };
		2BC6FB3A259EAF0E007CEC7A /* StoreManager.swift in Sources */ = {isa = PBXBuildFile; fileRef = 2BC6FB38259EAF0E007CEC7A /* StoreManager.swift */; };
		2BC6FB40259EAF87007CEC7A /* StoreKit.framework in Frameworks */ = {isa = PBXBuildFile; fileRef = 2BC6FB3F259EAF87007CEC7A /* StoreKit.framework */; };
/* End PBXBuildFile section */

/* Begin PBXFileReference section */
		2B1EAD1425A6FAD500E59CFB /* Tool.swift */ = {isa = PBXFileReference; lastKnownFileType = sourcecode.swift; path = Tool.swift; sourceTree = "<group>"; };
		2B224D9725A40C3D006C5C2F /* ScriptProcessor.swift */ = {isa = PBXFileReference; lastKnownFileType = sourcecode.swift; path = ScriptProcessor.swift; sourceTree = "<group>"; };
		2B224F2D2584485100F32354 /* SignedApp.swift */ = {isa = PBXFileReference; lastKnownFileType = sourcecode.swift; path = SignedApp.swift; sourceTree = "<group>"; };
		2B224F2E2584485100F32354 /* SignedDocument.swift */ = {isa = PBXFileReference; lastKnownFileType = sourcecode.swift; path = SignedDocument.swift; sourceTree = "<group>"; };
		2B224F2F2584485100F32354 /* ContentView.swift */ = {isa = PBXFileReference; lastKnownFileType = sourcecode.swift; path = ContentView.swift; sourceTree = "<group>"; };
		2B224F302584485300F32354 /* Assets.xcassets */ = {isa = PBXFileReference; lastKnownFileType = folder.assetcatalog; path = Assets.xcassets; sourceTree = "<group>"; };
		2B224F352584485300F32354 /* Signed.app */ = {isa = PBXFileReference; explicitFileType = wrapper.application; includeInIndex = 0; path = Signed.app; sourceTree = BUILT_PRODUCTS_DIR; };
		2B224F382584485300F32354 /* Info.plist */ = {isa = PBXFileReference; lastKnownFileType = text.plist.xml; path = Info.plist; sourceTree = "<group>"; };
		2B224F3D2584485300F32354 /* Signed.app */ = {isa = PBXFileReference; explicitFileType = wrapper.application; includeInIndex = 0; path = Signed.app; sourceTree = BUILT_PRODUCTS_DIR; };
		2B224F3F2584485300F32354 /* Info.plist */ = {isa = PBXFileReference; lastKnownFileType = text.plist.xml; path = Info.plist; sourceTree = "<group>"; };
		2B224F402584485300F32354 /* macOS.entitlements */ = {isa = PBXFileReference; lastKnownFileType = text.plist.entitlements; path = macOS.entitlements; sourceTree = "<group>"; };
		2B224F6125844C1800F32354 /* Metal.h */ = {isa = PBXFileReference; fileEncoding = 4; lastKnownFileType = sourcecode.c.h; path = Metal.h; sourceTree = "<group>"; };
		2B224F6225844C1800F32354 /* Utils.swift */ = {isa = PBXFileReference; fileEncoding = 4; lastKnownFileType = sourcecode.swift; path = Utils.swift; sourceTree = "<group>"; };
		2B224F6325844C1800F32354 /* Core.swift */ = {isa = PBXFileReference; fileEncoding = 4; lastKnownFileType = sourcecode.swift; path = Core.swift; sourceTree = "<group>"; };
		2B224F6425844C1800F32354 /* MathLibrary.swift */ = {isa = PBXFileReference; fileEncoding = 4; lastKnownFileType = sourcecode.swift; path = MathLibrary.swift; sourceTree = "<group>"; };
		2B224F6525844C1800F32354 /* Asset.swift */ = {isa = PBXFileReference; fileEncoding = 4; lastKnownFileType = sourcecode.swift; path = Asset.swift; sourceTree = "<group>"; };
		2B224F6625844C1800F32354 /* MetalView.swift */ = {isa = PBXFileReference; fileEncoding = 4; lastKnownFileType = sourcecode.swift; path = MetalView.swift; sourceTree = "<group>"; };
		2B224F6825844C1800F32354 /* MetalStates.swift */ = {isa = PBXFileReference; fileEncoding = 4; lastKnownFileType = sourcecode.swift; path = MetalStates.swift; sourceTree = "<group>"; };
		2B224F6925844C1800F32354 /* File.swift */ = {isa = PBXFileReference; fileEncoding = 4; lastKnownFileType = sourcecode.swift; path = File.swift; sourceTree = "<group>"; };
		2B224F6A25844C1800F32354 /* Renderer.swift */ = {isa = PBXFileReference; fileEncoding = 4; lastKnownFileType = sourcecode.swift; path = Renderer.swift; sourceTree = "<group>"; };
		2B224F6B25844C1800F32354 /* ScriptEditor.swift */ = {isa = PBXFileReference; fileEncoding = 4; lastKnownFileType = sourcecode.swift; path = ScriptEditor.swift; sourceTree = "<group>"; };
		2B224F6C25844C1900F32354 /* Metal.metal */ = {isa = PBXFileReference; fileEncoding = 4; lastKnownFileType = sourcecode.metal; path = Metal.metal; sourceTree = "<group>"; };
		2B224F8625844C3000F32354 /* Font.swift */ = {isa = PBXFileReference; fileEncoding = 4; lastKnownFileType = sourcecode.swift; path = Font.swift; sourceTree = "<group>"; };
		2B224F8725844C3100F32354 /* Classes.swift */ = {isa = PBXFileReference; fileEncoding = 4; lastKnownFileType = sourcecode.swift; path = Classes.swift; sourceTree = "<group>"; };
		2B224F9925844D0E00F32354 /* Files */ = {isa = PBXFileReference; lastKnownFileType = folder; path = Files; sourceTree = "<group>"; };
		2B224F9F25844D6000F32354 /* CloudKit.framework */ = {isa = PBXFileReference; lastKnownFileType = wrapper.framework; name = CloudKit.framework; path = System/Library/Frameworks/CloudKit.framework; sourceTree = SDKROOT; };
		2B224FA72585EB7F00F32354 /* SignedBuilder.swift */ = {isa = PBXFileReference; lastKnownFileType = sourcecode.swift; path = SignedBuilder.swift; sourceTree = "<group>"; };
		2B224FAE2585ED1100F32354 /* Graph.swift */ = {isa = PBXFileReference; lastKnownFileType = sourcecode.swift; path = Graph.swift; sourceTree = "<group>"; };
		2B224FB52586105200F32354 /* BranchNodes.swift */ = {isa = PBXFileReference; lastKnownFileType = sourcecode.swift; path = BranchNodes.swift; sourceTree = "<group>"; };
		2B224FBC258619E800F32354 /* Utilities.swift */ = {isa = PBXFileReference; fileEncoding = 4; lastKnownFileType = sourcecode.swift; path = Utilities.swift; sourceTree = "<group>"; };
		2B224FC52586EA1800F32354 /* SDFNodes.swift */ = {isa = PBXFileReference; lastKnownFileType = sourcecode.swift; path = SDFNodes.swift; sourceTree = "<group>"; };
		2B224FCA2586F90C00F32354 /* BoolNodes.swift */ = {isa = PBXFileReference; lastKnownFileType = sourcecode.swift; path = BoolNodes.swift; sourceTree = "<group>"; };
		2B224FDD25888B4D00F32354 /* Views.swift */ = {isa = PBXFileReference; fileEncoding = 4; lastKnownFileType = sourcecode.swift; path = Views.swift; sourceTree = "<group>"; };
		2B224FEB2588A6BD00F32354 /* Nodes.swift */ = {isa = PBXFileReference; lastKnownFileType = sourcecode.swift; path = Nodes.swift; sourceTree = "<group>"; };
		2B224FF62589B52B00F32354 /* AnalyticalNodes.swift */ = {isa = PBXFileReference; lastKnownFileType = sourcecode.swift; path = AnalyticalNodes.swift; sourceTree = "<group>"; };
		2B2E02C8258C3F600073DAE9 /* Expression.swift */ = {isa = PBXFileReference; lastKnownFileType = sourcecode.swift; path = Expression.swift; sourceTree = "<group>"; };
		2B2E02D3258C52B10073DAE9 /* Variables.swift */ = {isa = PBXFileReference; lastKnownFileType = sourcecode.swift; path = Variables.swift; sourceTree = "<group>"; };
		2B2E02D8258C53F40073DAE9 /* AtomNodes.swift */ = {isa = PBXFileReference; lastKnownFileType = sourcecode.swift; path = AtomNodes.swift; sourceTree = "<group>"; };
		2B400E9C25AD3F55006493A0 /* BranchNodes2D.swift */ = {isa = PBXFileReference; lastKnownFileType = sourcecode.swift; path = BranchNodes2D.swift; sourceTree = "<group>"; };
		2B400EC325AD45F0006493A0 /* BaseBuilder.swift */ = {isa = PBXFileReference; fileEncoding = 4; lastKnownFileType = sourcecode.swift; path = BaseBuilder.swift; sourceTree = "<group>"; };
		2B4293BE259429AD00B56347 /* TexNodes.swift */ = {isa = PBXFileReference; lastKnownFileType = sourcecode.swift; path = TexNodes.swift; sourceTree = "<group>"; };
		2B6D5CFA259C094E003F7DD8 /* FunctionNodes.swift */ = {isa = PBXFileReference; lastKnownFileType = sourcecode.swift; path = FunctionNodes.swift; sourceTree = "<group>"; };
		2B6D5D01259C664A003F7DD8 /* SignedSpecific.swift */ = {isa = PBXFileReference; lastKnownFileType = sourcecode.swift; path = SignedSpecific.swift; sourceTree = "<group>"; };
		2B76D82A25AC46F000AF6FF2 /* SignedGraph.swift */ = {isa = PBXFileReference; lastKnownFileType = sourcecode.swift; path = SignedGraph.swift; sourceTree = "<group>"; };
		2B8A692A25A4486A006B1B5C /* CameraHelper.swift */ = {isa = PBXFileReference; lastKnownFileType = sourcecode.swift; path = CameraHelper.swift; sourceTree = "<group>"; };
		2BC6FB38259EAF0E007CEC7A /* StoreManager.swift */ = {isa = PBXFileReference; lastKnownFileType = sourcecode.swift; path = StoreManager.swift; sourceTree = "<group>"; };
		2BC6FB3F259EAF87007CEC7A /* StoreKit.framework */ = {isa = PBXFileReference; lastKnownFileType = wrapper.framework; name = StoreKit.framework; path = System/Library/Frameworks/StoreKit.framework; sourceTree = SDKROOT; };
/* End PBXFileReference section */

/* Begin PBXFrameworksBuildPhase section */
		2B224F322584485300F32354 /* Frameworks */ = {
			isa = PBXFrameworksBuildPhase;
			buildActionMask = 2147483647;
			files = (
				2B224FE825888C8800F32354 /* Parma in Frameworks */,
			);
			runOnlyForDeploymentPostprocessing = 0;
		};
		2B224F3A2584485300F32354 /* Frameworks */ = {
			isa = PBXFrameworksBuildPhase;
			buildActionMask = 2147483647;
			files = (
				2BC6FB40259EAF87007CEC7A /* StoreKit.framework in Frameworks */,
				2B224FE425888C6E00F32354 /* Parma in Frameworks */,
				2B224FA025844D6000F32354 /* CloudKit.framework in Frameworks */,
			);
			runOnlyForDeploymentPostprocessing = 0;
		};
/* End PBXFrameworksBuildPhase section */

/* Begin PBXGroup section */
		2B224F272584485100F32354 = {
			isa = PBXGroup;
			children = (
				2B224F2C2584485100F32354 /* Shared */,
				2B224F372584485300F32354 /* iOS */,
				2B224F3E2584485300F32354 /* macOS */,
				2B224F362584485300F32354 /* Products */,
				2B224F9E25844D6000F32354 /* Frameworks */,
			);
			sourceTree = "<group>";
		};
		2B224F2C2584485100F32354 /* Shared */ = {
			isa = PBXGroup;
			children = (
				2B224F2D2584485100F32354 /* SignedApp.swift */,
				2B224F2E2584485100F32354 /* SignedDocument.swift */,
				2B224F2F2584485100F32354 /* ContentView.swift */,
				2BC6FB38259EAF0E007CEC7A /* StoreManager.swift */,
				2B224FDD25888B4D00F32354 /* Views.swift */,
				2B224F6525844C1800F32354 /* Asset.swift */,
				2B224F6925844C1800F32354 /* File.swift */,
				2B224F6325844C1800F32354 /* Core.swift */,
				2B224F6425844C1800F32354 /* MathLibrary.swift */,
				2B224F6125844C1800F32354 /* Metal.h */,
				2B224F6C25844C1900F32354 /* Metal.metal */,
				2B224F6825844C1800F32354 /* MetalStates.swift */,
				2B224F6625844C1800F32354 /* MetalView.swift */,
				2B224F6A25844C1800F32354 /* Renderer.swift */,
				2B224F6B25844C1800F32354 /* ScriptEditor.swift */,
				2B224D9725A40C3D006C5C2F /* ScriptProcessor.swift */,
				2B224F6225844C1800F32354 /* Utils.swift */,
				2B8A692A25A4486A006B1B5C /* CameraHelper.swift */,
				2BE97DC025AC2A7200729833 /* Graph */,
				2B2E02C7258C3F390073DAE9 /* Expression */,
				2B224F8525844C2500F32354 /* Classes */,
				2B224F9925844D0E00F32354 /* Files */,
				2B224F302584485300F32354 /* Assets.xcassets */,
			);
			path = Shared;
			sourceTree = "<group>";
		};
		2B224F362584485300F32354 /* Products */ = {
			isa = PBXGroup;
			children = (
				2B224F352584485300F32354 /* Signed.app */,
				2B224F3D2584485300F32354 /* Signed.app */,
			);
			name = Products;
			sourceTree = "<group>";
		};
		2B224F372584485300F32354 /* iOS */ = {
			isa = PBXGroup;
			children = (
				2B224F382584485300F32354 /* Info.plist */,
			);
			path = iOS;
			sourceTree = "<group>";
		};
		2B224F3E2584485300F32354 /* macOS */ = {
			isa = PBXGroup;
			children = (
				2B224F3F2584485300F32354 /* Info.plist */,
				2B224F402584485300F32354 /* macOS.entitlements */,
			);
			path = macOS;
			sourceTree = "<group>";
		};
		2B224F8525844C2500F32354 /* Classes */ = {
			isa = PBXGroup;
			children = (
				2B224F8725844C3100F32354 /* Classes.swift */,
				2B224F8625844C3000F32354 /* Font.swift */,
			);
			path = Classes;
			sourceTree = "<group>";
		};
		2B224F9E25844D6000F32354 /* Frameworks */ = {
			isa = PBXGroup;
			children = (
				2BC6FB3F259EAF87007CEC7A /* StoreKit.framework */,
				2B224F9F25844D6000F32354 /* CloudKit.framework */,
			);
			name = Frameworks;
			sourceTree = "<group>";
		};
		2B2E02C7258C3F390073DAE9 /* Expression */ = {
			isa = PBXGroup;
			children = (
				2B2E02C8258C3F600073DAE9 /* Expression.swift */,
				2B2E02D8258C53F40073DAE9 /* AtomNodes.swift */,
				2B6D5CFA259C094E003F7DD8 /* FunctionNodes.swift */,
				2B224FBC258619E800F32354 /* Utilities.swift */,
				2B2E02D3258C52B10073DAE9 /* Variables.swift */,
				2B6D5D01259C664A003F7DD8 /* SignedSpecific.swift */,
			);
			path = Expression;
			sourceTree = "<group>";
		};
		2BE97DC025AC2A7200729833 /* Graph */ = {
			isa = PBXGroup;
			children = (
				2B1EAD1425A6FAD500E59CFB /* Tool.swift */,
				2B224FA72585EB7F00F32354 /* SignedBuilder.swift */,
				2B400EC325AD45F0006493A0 /* BaseBuilder.swift */,
				2B224FAE2585ED1100F32354 /* Graph.swift */,
				2B224FEB2588A6BD00F32354 /* Nodes.swift */,
				2B4293BE259429AD00B56347 /* TexNodes.swift */,
				2B224FC52586EA1800F32354 /* SDFNodes.swift */,
				2B224FCA2586F90C00F32354 /* BoolNodes.swift */,
				2B224FB52586105200F32354 /* BranchNodes.swift */,
				2B400E9C25AD3F55006493A0 /* BranchNodes2D.swift */,
				2B224FF62589B52B00F32354 /* AnalyticalNodes.swift */,
				2B76D82A25AC46F000AF6FF2 /* SignedGraph.swift */,
			);
			path = Graph;
			sourceTree = "<group>";
		};
/* End PBXGroup section */

/* Begin PBXNativeTarget section */
		2B224F342584485300F32354 /* Signed (iOS) */ = {
			isa = PBXNativeTarget;
			buildConfigurationList = 2B224F4B2584485300F32354 /* Build configuration list for PBXNativeTarget "Signed (iOS)" */;
			buildPhases = (
				2B224F312584485300F32354 /* Sources */,
				2B224F322584485300F32354 /* Frameworks */,
				2B224F332584485300F32354 /* Resources */,
			);
			buildRules = (
			);
			dependencies = (
			);
			name = "Signed (iOS)";
			packageProductDependencies = (
				2B224FE725888C8800F32354 /* Parma */,
			);
			productName = "Signed (iOS)";
			productReference = 2B224F352584485300F32354 /* Signed.app */;
			productType = "com.apple.product-type.application";
		};
		2B224F3C2584485300F32354 /* Signed (macOS) */ = {
			isa = PBXNativeTarget;
			buildConfigurationList = 2B224F4E2584485300F32354 /* Build configuration list for PBXNativeTarget "Signed (macOS)" */;
			buildPhases = (
				2B224F392584485300F32354 /* Sources */,
				2B224F3A2584485300F32354 /* Frameworks */,
				2B224F3B2584485300F32354 /* Resources */,
			);
			buildRules = (
			);
			dependencies = (
			);
			name = "Signed (macOS)";
			packageProductDependencies = (
				2B224FE325888C6E00F32354 /* Parma */,
			);
			productName = "Signed (macOS)";
			productReference = 2B224F3D2584485300F32354 /* Signed.app */;
			productType = "com.apple.product-type.application";
		};
/* End PBXNativeTarget section */

/* Begin PBXProject section */
		2B224F282584485100F32354 /* Project object */ = {
			isa = PBXProject;
			attributes = {
				LastSwiftUpdateCheck = 1220;
				LastUpgradeCheck = 1230;
				TargetAttributes = {
					2B224F342584485300F32354 = {
						CreatedOnToolsVersion = 12.2;
					};
					2B224F3C2584485300F32354 = {
						CreatedOnToolsVersion = 12.2;
					};
				};
			};
			buildConfigurationList = 2B224F2B2584485100F32354 /* Build configuration list for PBXProject "Signed" */;
			compatibilityVersion = "Xcode 9.3";
			developmentRegion = en;
			hasScannedForEncodings = 0;
			knownRegions = (
				en,
				Base,
			);
			mainGroup = 2B224F272584485100F32354;
			packageReferences = (
				2B224FE225888C6E00F32354 /* XCRemoteSwiftPackageReference "Parma" */,
			);
			productRefGroup = 2B224F362584485300F32354 /* Products */;
			projectDirPath = "";
			projectRoot = "";
			targets = (
				2B224F342584485300F32354 /* Signed (iOS) */,
				2B224F3C2584485300F32354 /* Signed (macOS) */,
			);
		};
/* End PBXProject section */

/* Begin PBXResourcesBuildPhase section */
		2B224F332584485300F32354 /* Resources */ = {
			isa = PBXResourcesBuildPhase;
			buildActionMask = 2147483647;
			files = (
				2B224F9A25844D0E00F32354 /* Files in Resources */,
				2B224F472584485300F32354 /* Assets.xcassets in Resources */,
			);
			runOnlyForDeploymentPostprocessing = 0;
		};
		2B224F3B2584485300F32354 /* Resources */ = {
			isa = PBXResourcesBuildPhase;
			buildActionMask = 2147483647;
			files = (
				2B224F9B25844D0E00F32354 /* Files in Resources */,
				2B224F482584485300F32354 /* Assets.xcassets in Resources */,
			);
			runOnlyForDeploymentPostprocessing = 0;
		};
/* End PBXResourcesBuildPhase section */

/* Begin PBXSourcesBuildPhase section */
		2B224F312584485300F32354 /* Sources */ = {
			isa = PBXSourcesBuildPhase;
			buildActionMask = 2147483647;
			files = (
				2B224F7525844C1900F32354 /* MetalView.swift in Sources */,
				2B224FA82585EB7F00F32354 /* SignedBuilder.swift in Sources */,
				2B224FF72589B52B00F32354 /* AnalyticalNodes.swift in Sources */,
				2B224F432584485300F32354 /* SignedDocument.swift in Sources */,
				2B224FC62586EA1800F32354 /* SDFNodes.swift in Sources */,
				2B224D9825A40C3D006C5C2F /* ScriptProcessor.swift in Sources */,
				2B224F8925844C3100F32354 /* Font.swift in Sources */,
				2B224F7325844C1900F32354 /* Asset.swift in Sources */,
				2B224FCB2586F90C00F32354 /* BoolNodes.swift in Sources */,
				2B224FDE25888B4D00F32354 /* Views.swift in Sources */,
				2B224F7925844C1900F32354 /* MetalStates.swift in Sources */,
				2B6D5D02259C664A003F7DD8 /* SignedSpecific.swift in Sources */,
				2B224FAF2585ED1100F32354 /* Graph.swift in Sources */,
				2B224F6F25844C1900F32354 /* Core.swift in Sources */,
				2BC6FB39259EAF0E007CEC7A /* StoreManager.swift in Sources */,
				2B224F8B25844C3100F32354 /* Classes.swift in Sources */,
				2B224F8125844C1900F32354 /* Metal.metal in Sources */,
				2B4293BF259429AD00B56347 /* TexNodes.swift in Sources */,
				2B2E02C9258C3F600073DAE9 /* Expression.swift in Sources */,
				2B1EAD1525A6FAD500E59CFB /* Tool.swift in Sources */,
				2B224F412584485300F32354 /* SignedApp.swift in Sources */,
				2B2E02D9258C53F40073DAE9 /* AtomNodes.swift in Sources */,
				2B400EC425AD45F0006493A0 /* BaseBuilder.swift in Sources */,
				2B224FB62586105200F32354 /* BranchNodes.swift in Sources */,
				2B224F452584485300F32354 /* ContentView.swift in Sources */,
				2B8A692B25A4486A006B1B5C /* CameraHelper.swift in Sources */,
				2B6D5CFB259C094E003F7DD8 /* FunctionNodes.swift in Sources */,
				2B224F6D25844C1900F32354 /* Utils.swift in Sources */,
				2B2E02D4258C52B10073DAE9 /* Variables.swift in Sources */,
				2B224F7F25844C1900F32354 /* ScriptEditor.swift in Sources */,
				2B76D82B25AC46F000AF6FF2 /* SignedGraph.swift in Sources */,
				2B224F7B25844C1900F32354 /* File.swift in Sources */,
				2B400E9D25AD3F56006493A0 /* BranchNodes2D.swift in Sources */,
				2B224F7125844C1900F32354 /* MathLibrary.swift in Sources */,
				2B224FBD258619E800F32354 /* Utilities.swift in Sources */,
				2B224FEC2588A6BD00F32354 /* Nodes.swift in Sources */,
				2B224F7D25844C1900F32354 /* Renderer.swift in Sources */,
			);
			runOnlyForDeploymentPostprocessing = 0;
		};
		2B224F392584485300F32354 /* Sources */ = {
			isa = PBXSourcesBuildPhase;
			buildActionMask = 2147483647;
			files = (
				2B224F7625844C1900F32354 /* MetalView.swift in Sources */,
				2B224FA92585EB7F00F32354 /* SignedBuilder.swift in Sources */,
				2B224FF82589B52B00F32354 /* AnalyticalNodes.swift in Sources */,
				2B224F442584485300F32354 /* SignedDocument.swift in Sources */,
				2B224FC72586EA1800F32354 /* SDFNodes.swift in Sources */,
				2B224D9925A40C3D006C5C2F /* ScriptProcessor.swift in Sources */,
				2B224F8A25844C3100F32354 /* Font.swift in Sources */,
				2B224F7425844C1900F32354 /* Asset.swift in Sources */,
				2B224FCC2586F90C00F32354 /* BoolNodes.swift in Sources */,
				2B224FDF25888B4D00F32354 /* Views.swift in Sources */,
				2B224F7A25844C1900F32354 /* MetalStates.swift in Sources */,
				2B6D5D03259C664A003F7DD8 /* SignedSpecific.swift in Sources */,
				2B224FB02585ED1100F32354 /* Graph.swift in Sources */,
				2B224F7025844C1900F32354 /* Core.swift in Sources */,
				2BC6FB3A259EAF0E007CEC7A /* StoreManager.swift in Sources */,
				2B224F8C25844C3100F32354 /* Classes.swift in Sources */,
				2B224F8225844C1900F32354 /* Metal.metal in Sources */,
				2B4293C0259429AD00B56347 /* TexNodes.swift in Sources */,
				2B2E02CE258C3F620073DAE9 /* Expression.swift in Sources */,
				2B1EAD1625A6FAD500E59CFB /* Tool.swift in Sources */,
				2B224F422584485300F32354 /* SignedApp.swift in Sources */,
				2B2E02DA258C53F40073DAE9 /* AtomNodes.swift in Sources */,
				2B400EC525AD45F0006493A0 /* BaseBuilder.swift in Sources */,
				2B224FB72586105200F32354 /* BranchNodes.swift in Sources */,
				2B224F462584485300F32354 /* ContentView.swift in Sources */,
				2B8A692C25A4486A006B1B5C /* CameraHelper.swift in Sources */,
				2B6D5CFC259C094E003F7DD8 /* FunctionNodes.swift in Sources */,
				2B224F6E25844C1900F32354 /* Utils.swift in Sources */,
				2B2E02D5258C52B10073DAE9 /* Variables.swift in Sources */,
				2B224F8025844C1900F32354 /* ScriptEditor.swift in Sources */,
				2B76D82C25AC46F000AF6FF2 /* SignedGraph.swift in Sources */,
				2B224F7C25844C1900F32354 /* File.swift in Sources */,
				2B400E9E25AD3F56006493A0 /* BranchNodes2D.swift in Sources */,
				2B224F7225844C1900F32354 /* MathLibrary.swift in Sources */,
				2B224FBE258619E800F32354 /* Utilities.swift in Sources */,
				2B224FED2588A6BD00F32354 /* Nodes.swift in Sources */,
				2B224F7E25844C1900F32354 /* Renderer.swift in Sources */,
			);
			runOnlyForDeploymentPostprocessing = 0;
		};
/* End PBXSourcesBuildPhase section */

/* Begin XCBuildConfiguration section */
		2B224F492584485300F32354 /* Debug */ = {
			isa = XCBuildConfiguration;
			buildSettings = {
				ALWAYS_SEARCH_USER_PATHS = NO;
				CLANG_ANALYZER_NONNULL = YES;
				CLANG_ANALYZER_NUMBER_OBJECT_CONVERSION = YES_AGGRESSIVE;
				CLANG_CXX_LANGUAGE_STANDARD = "gnu++14";
				CLANG_CXX_LIBRARY = "libc++";
				CLANG_ENABLE_MODULES = YES;
				CLANG_ENABLE_OBJC_ARC = YES;
				CLANG_ENABLE_OBJC_WEAK = YES;
				CLANG_WARN_BLOCK_CAPTURE_AUTORELEASING = YES;
				CLANG_WARN_BOOL_CONVERSION = YES;
				CLANG_WARN_COMMA = YES;
				CLANG_WARN_CONSTANT_CONVERSION = YES;
				CLANG_WARN_DEPRECATED_OBJC_IMPLEMENTATIONS = YES;
				CLANG_WARN_DIRECT_OBJC_ISA_USAGE = YES_ERROR;
				CLANG_WARN_DOCUMENTATION_COMMENTS = YES;
				CLANG_WARN_EMPTY_BODY = YES;
				CLANG_WARN_ENUM_CONVERSION = YES;
				CLANG_WARN_INFINITE_RECURSION = YES;
				CLANG_WARN_INT_CONVERSION = YES;
				CLANG_WARN_NON_LITERAL_NULL_CONVERSION = YES;
				CLANG_WARN_OBJC_IMPLICIT_RETAIN_SELF = YES;
				CLANG_WARN_OBJC_LITERAL_CONVERSION = YES;
				CLANG_WARN_OBJC_ROOT_CLASS = YES_ERROR;
				CLANG_WARN_QUOTED_INCLUDE_IN_FRAMEWORK_HEADER = YES;
				CLANG_WARN_RANGE_LOOP_ANALYSIS = YES;
				CLANG_WARN_STRICT_PROTOTYPES = YES;
				CLANG_WARN_SUSPICIOUS_MOVE = YES;
				CLANG_WARN_UNGUARDED_AVAILABILITY = YES_AGGRESSIVE;
				CLANG_WARN_UNREACHABLE_CODE = YES;
				CLANG_WARN__DUPLICATE_METHOD_MATCH = YES;
				COPY_PHASE_STRIP = NO;
				DEBUG_INFORMATION_FORMAT = dwarf;
				ENABLE_STRICT_OBJC_MSGSEND = YES;
				ENABLE_TESTABILITY = YES;
				GCC_C_LANGUAGE_STANDARD = gnu11;
				GCC_DYNAMIC_NO_PIC = NO;
				GCC_NO_COMMON_BLOCKS = YES;
				GCC_OPTIMIZATION_LEVEL = 0;
				GCC_PREPROCESSOR_DEFINITIONS = (
					"DEBUG=1",
					"$(inherited)",
				);
				GCC_WARN_64_TO_32_BIT_CONVERSION = YES;
				GCC_WARN_ABOUT_RETURN_TYPE = YES_ERROR;
				GCC_WARN_UNDECLARED_SELECTOR = YES;
				GCC_WARN_UNINITIALIZED_AUTOS = YES_AGGRESSIVE;
				GCC_WARN_UNUSED_FUNCTION = YES;
				GCC_WARN_UNUSED_VARIABLE = YES;
				MTL_ENABLE_DEBUG_INFO = INCLUDE_SOURCE;
				MTL_FAST_MATH = YES;
				ONLY_ACTIVE_ARCH = YES;
				SWIFT_ACTIVE_COMPILATION_CONDITIONS = DEBUG;
				SWIFT_OPTIMIZATION_LEVEL = "-Onone";
			};
			name = Debug;
		};
		2B224F4A2584485300F32354 /* Release */ = {
			isa = XCBuildConfiguration;
			buildSettings = {
				ALWAYS_SEARCH_USER_PATHS = NO;
				CLANG_ANALYZER_NONNULL = YES;
				CLANG_ANALYZER_NUMBER_OBJECT_CONVERSION = YES_AGGRESSIVE;
				CLANG_CXX_LANGUAGE_STANDARD = "gnu++14";
				CLANG_CXX_LIBRARY = "libc++";
				CLANG_ENABLE_MODULES = YES;
				CLANG_ENABLE_OBJC_ARC = YES;
				CLANG_ENABLE_OBJC_WEAK = YES;
				CLANG_WARN_BLOCK_CAPTURE_AUTORELEASING = YES;
				CLANG_WARN_BOOL_CONVERSION = YES;
				CLANG_WARN_COMMA = YES;
				CLANG_WARN_CONSTANT_CONVERSION = YES;
				CLANG_WARN_DEPRECATED_OBJC_IMPLEMENTATIONS = YES;
				CLANG_WARN_DIRECT_OBJC_ISA_USAGE = YES_ERROR;
				CLANG_WARN_DOCUMENTATION_COMMENTS = YES;
				CLANG_WARN_EMPTY_BODY = YES;
				CLANG_WARN_ENUM_CONVERSION = YES;
				CLANG_WARN_INFINITE_RECURSION = YES;
				CLANG_WARN_INT_CONVERSION = YES;
				CLANG_WARN_NON_LITERAL_NULL_CONVERSION = YES;
				CLANG_WARN_OBJC_IMPLICIT_RETAIN_SELF = YES;
				CLANG_WARN_OBJC_LITERAL_CONVERSION = YES;
				CLANG_WARN_OBJC_ROOT_CLASS = YES_ERROR;
				CLANG_WARN_QUOTED_INCLUDE_IN_FRAMEWORK_HEADER = YES;
				CLANG_WARN_RANGE_LOOP_ANALYSIS = YES;
				CLANG_WARN_STRICT_PROTOTYPES = YES;
				CLANG_WARN_SUSPICIOUS_MOVE = YES;
				CLANG_WARN_UNGUARDED_AVAILABILITY = YES_AGGRESSIVE;
				CLANG_WARN_UNREACHABLE_CODE = YES;
				CLANG_WARN__DUPLICATE_METHOD_MATCH = YES;
				COPY_PHASE_STRIP = NO;
				DEBUG_INFORMATION_FORMAT = "dwarf-with-dsym";
				ENABLE_NS_ASSERTIONS = NO;
				ENABLE_STRICT_OBJC_MSGSEND = YES;
				GCC_C_LANGUAGE_STANDARD = gnu11;
				GCC_NO_COMMON_BLOCKS = YES;
				GCC_WARN_64_TO_32_BIT_CONVERSION = YES;
				GCC_WARN_ABOUT_RETURN_TYPE = YES_ERROR;
				GCC_WARN_UNDECLARED_SELECTOR = YES;
				GCC_WARN_UNINITIALIZED_AUTOS = YES_AGGRESSIVE;
				GCC_WARN_UNUSED_FUNCTION = YES;
				GCC_WARN_UNUSED_VARIABLE = YES;
				MTL_ENABLE_DEBUG_INFO = NO;
				MTL_FAST_MATH = YES;
				SWIFT_COMPILATION_MODE = wholemodule;
				SWIFT_OPTIMIZATION_LEVEL = "-O";
			};
			name = Release;
		};
		2B224F4C2584485300F32354 /* Debug */ = {
			isa = XCBuildConfiguration;
			buildSettings = {
				ASSETCATALOG_COMPILER_APPICON_NAME = AppIcon;
				ASSETCATALOG_COMPILER_GLOBAL_ACCENT_COLOR_NAME = AccentColor;
				CODE_SIGN_STYLE = Automatic;
				DEVELOPMENT_TEAM = G6R6L3VH62;
				ENABLE_PREVIEWS = YES;
				INFOPLIST_FILE = iOS/Info.plist;
				IPHONEOS_DEPLOYMENT_TARGET = 14.0;
				LD_RUNPATH_SEARCH_PATHS = (
					"$(inherited)",
					"@executable_path/Frameworks",
				);
				PRODUCT_BUNDLE_IDENTIFIER = com.moenig.Signed;
				PRODUCT_NAME = Signed;
				SDKROOT = iphoneos;
				SWIFT_OBJC_BRIDGING_HEADER = Shared/Metal.h;
				SWIFT_VERSION = 5.0;
				TARGETED_DEVICE_FAMILY = "1,2";
			};
			name = Debug;
		};
		2B224F4D2584485300F32354 /* Release */ = {
			isa = XCBuildConfiguration;
			buildSettings = {
				ASSETCATALOG_COMPILER_APPICON_NAME = AppIcon;
				ASSETCATALOG_COMPILER_GLOBAL_ACCENT_COLOR_NAME = AccentColor;
				CODE_SIGN_STYLE = Automatic;
				DEVELOPMENT_TEAM = G6R6L3VH62;
				ENABLE_PREVIEWS = YES;
				INFOPLIST_FILE = iOS/Info.plist;
				IPHONEOS_DEPLOYMENT_TARGET = 14.0;
				LD_RUNPATH_SEARCH_PATHS = (
					"$(inherited)",
					"@executable_path/Frameworks",
				);
				PRODUCT_BUNDLE_IDENTIFIER = com.moenig.Signed;
				PRODUCT_NAME = Signed;
				SDKROOT = iphoneos;
				SWIFT_OBJC_BRIDGING_HEADER = Shared/Metal.h;
				SWIFT_VERSION = 5.0;
				TARGETED_DEVICE_FAMILY = "1,2";
				VALIDATE_PRODUCT = YES;
			};
			name = Release;
		};
		2B224F4F2584485300F32354 /* Debug */ = {
			isa = XCBuildConfiguration;
			buildSettings = {
				ASSETCATALOG_COMPILER_APPICON_NAME = AppIcon;
				ASSETCATALOG_COMPILER_GLOBAL_ACCENT_COLOR_NAME = AccentColor;
				CODE_SIGN_ENTITLEMENTS = macOS/macOS.entitlements;
				CODE_SIGN_IDENTITY = "Apple Development";
				CODE_SIGN_STYLE = Automatic;
				COMBINE_HIDPI_IMAGES = YES;
				DEVELOPMENT_TEAM = G6R6L3VH62;
				ENABLE_HARDENED_RUNTIME = YES;
				ENABLE_PREVIEWS = YES;
				INFOPLIST_FILE = macOS/Info.plist;
				LD_RUNPATH_SEARCH_PATHS = (
					"$(inherited)",
					"@executable_path/../Frameworks",
				);
				MACOSX_DEPLOYMENT_TARGET = 11.0;
				PRODUCT_BUNDLE_IDENTIFIER = com.moenig.signed;
				PRODUCT_NAME = Signed;
				SDKROOT = macosx;
				SWIFT_DISABLE_SAFETY_CHECKS = NO;
				SWIFT_ENFORCE_EXCLUSIVE_ACCESS = on;
				SWIFT_OBJC_BRIDGING_HEADER = Shared/Metal.h;
				SWIFT_VERSION = 5.0;
			};
			name = Debug;
		};
		2B224F502584485300F32354 /* Release */ = {
			isa = XCBuildConfiguration;
			buildSettings = {
				ASSETCATALOG_COMPILER_APPICON_NAME = AppIcon;
				ASSETCATALOG_COMPILER_GLOBAL_ACCENT_COLOR_NAME = AccentColor;
				CODE_SIGN_ENTITLEMENTS = macOS/macOS.entitlements;
				CODE_SIGN_IDENTITY = "Apple Development";
				CODE_SIGN_STYLE = Automatic;
				COMBINE_HIDPI_IMAGES = YES;
				DEVELOPMENT_TEAM = G6R6L3VH62;
				ENABLE_HARDENED_RUNTIME = YES;
				ENABLE_PREVIEWS = YES;
				INFOPLIST_FILE = macOS/Info.plist;
				LD_RUNPATH_SEARCH_PATHS = (
					"$(inherited)",
					"@executable_path/../Frameworks",
				);
				MACOSX_DEPLOYMENT_TARGET = 11.0;
				PRODUCT_BUNDLE_IDENTIFIER = com.moenig.signed;
				PRODUCT_NAME = Signed;
				SDKROOT = macosx;
				SWIFT_DISABLE_SAFETY_CHECKS = NO;
				SWIFT_ENFORCE_EXCLUSIVE_ACCESS = on;
				SWIFT_OBJC_BRIDGING_HEADER = Shared/Metal.h;
				SWIFT_VERSION = 5.0;
			};
			name = Release;
		};
/* End XCBuildConfiguration section */

/* Begin XCConfigurationList section */
		2B224F2B2584485100F32354 /* Build configuration list for PBXProject "Signed" */ = {
			isa = XCConfigurationList;
			buildConfigurations = (
				2B224F492584485300F32354 /* Debug */,
				2B224F4A2584485300F32354 /* Release */,
			);
			defaultConfigurationIsVisible = 0;
			defaultConfigurationName = Release;
		};
		2B224F4B2584485300F32354 /* Build configuration list for PBXNativeTarget "Signed (iOS)" */ = {
			isa = XCConfigurationList;
			buildConfigurations = (
				2B224F4C2584485300F32354 /* Debug */,
				2B224F4D2584485300F32354 /* Release */,
			);
			defaultConfigurationIsVisible = 0;
			defaultConfigurationName = Release;
		};
		2B224F4E2584485300F32354 /* Build configuration list for PBXNativeTarget "Signed (macOS)" */ = {
			isa = XCConfigurationList;
			buildConfigurations = (
				2B224F4F2584485300F32354 /* Debug */,
				2B224F502584485300F32354 /* Release */,
			);
			defaultConfigurationIsVisible = 0;
			defaultConfigurationName = Release;
		};
/* End XCConfigurationList section */

/* Begin XCRemoteSwiftPackageReference section */
		2B224FE225888C6E00F32354 /* XCRemoteSwiftPackageReference "Parma" */ = {
			isa = XCRemoteSwiftPackageReference;
			repositoryURL = "https://github.com/dasautoooo/Parma";
			requirement = {
				kind = upToNextMajorVersion;
				minimumVersion = 0.2.0;
			};
		};
/* End XCRemoteSwiftPackageReference section */

/* Begin XCSwiftPackageProductDependency section */
		2B224FE325888C6E00F32354 /* Parma */ = {
			isa = XCSwiftPackageProductDependency;
			package = 2B224FE225888C6E00F32354 /* XCRemoteSwiftPackageReference "Parma" */;
			productName = Parma;
		};
		2B224FE725888C8800F32354 /* Parma */ = {
			isa = XCSwiftPackageProductDependency;
			package = 2B224FE225888C6E00F32354 /* XCRemoteSwiftPackageReference "Parma" */;
			productName = Parma;
		};
/* End XCSwiftPackageProductDependency section */
	};
	rootObject = 2B224F282584485100F32354 /* Project object */;
}
